
Microsoft Visual Studio Solution File, Format Version 12.00
# Visual Studio 2013
VisualStudioVersion = 12.0.30501.0
MinimumVisualStudioVersion = 10.0.40219.1
Project("{2150E333-8FDC-42A3-9474-1A3956D46DE8}") = ".paket", ".paket", "{66B4F05A-F033-4429-A062-33DCFFB33072}"
	ProjectSection(SolutionItems) = preProject
		..\..\paket.dependencies = ..\..\paket.dependencies
	EndProjectSection
EndProject
Project("{FAE04EC0-301F-11D3-BF4B-00C04F79EFBC}") = "ClientZipExperiments", "..\..\src\ClientZipExperiments\ClientZipExperiments.csproj", "{6E88EE72-BB01-4DE2-8E6B-1A23BB68D412}"
EndProject
Global
	GlobalSection(SolutionConfigurationPlatforms) = preSolution
		Debug|Any CPU = Debug|Any CPU
		Release|Any CPU = Release|Any CPU
	EndGlobalSection
	GlobalSection(ProjectConfigurationPlatforms) = postSolution
		{6E88EE72-BB01-4DE2-8E6B-1A23BB68D412}.Debug|Any CPU.ActiveCfg = Debug|Any CPU
		{6E88EE72-BB01-4DE2-8E6B-1A23BB68D412}.Debug|Any CPU.Build.0 = Debug|Any CPU
		{6E88EE72-BB01-4DE2-8E6B-1A23BB68D412}.Release|Any CPU.ActiveCfg = Release|Any CPU
		{6E88EE72-BB01-4DE2-8E6B-1A23BB68D412}.Release|Any CPU.Build.0 = Release|Any CPU
	EndGlobalSection
	GlobalSection(SolutionProperties) = preSolution
		HideSolutionNode = FALSE
	EndGlobalSection
EndGlobal
