<?xml version="1.0" encoding="utf-8"?>
<Project ToolsVersion="4.0" xmlns="http://schemas.microsoft.com/developer/msbuild/2003">
  <ItemGroup>
    <Filter Include="Source Files">
      <UniqueIdentifier>{4FC737F1-C7A5-4376-A066-2A32D752A2FF}</UniqueIdentifier>
      <Extensions>cpp;c;cc;cxx;def;odl;idl;hpj;bat;asm;asmx</Extensions>
    </Filter>
    <Filter Include="Header Files">
      <UniqueIdentifier>{93995380-89BD-4b04-88EB-625FBE52EBFB}</UniqueIdentifier>
      <Extensions>h;hh;hpp;hxx;hm;inl;inc;xsd</Extensions>
    </Filter>
    <Filter Include="Resource Files">
      <UniqueIdentifier>{67DA6AB6-F800-4c08-8B7A-83BB121AAD01}</UniqueIdentifier>
      <Extensions>rc;ico;cur;bmp;dlg;rc2;rct;bin;rgs;gif;jpg;jpeg;jpe;resx;tiff;tif;png;wav</Extensions>
    </Filter>
  </ItemGroup>
  <ItemGroup>
    <ClCompile Include="Cell.cpp">
      <Filter>Source Files</Filter>
    </ClCompile>
    <ClCompile Include="CellProgram.cpp">
      <Filter>Source Files</Filter>
    </ClCompile>
    <ClCompile Include="Condition.cpp">
      <Filter>Source Files</Filter>
    </ClCompile>
    <ClCompile Include="Happening.cpp">
      <Filter>Source Files</Filter>
    </ClCompile>
    <ClCompile Include="HelperFunctions.cpp">
      <Filter>Source Files</Filter>
    </ClCompile>
    <ClCompile Include="main.cpp">
      <Filter>Source Files</Filter>
    </ClCompile>
    <ClCompile Include="Simulation.cpp">
      <Filter>Source Files</Filter>
    </ClCompile>
    <ClCompile Include="State.cpp">
      <Filter>Source Files</Filter>
    </ClCompile>
    <ClCompile Include="directive\Directive.cpp">
      <Filter>Source Files</Filter>
    </ClCompile>
    <ClCompile Include="directive\Divide.cpp">
      <Filter>Source Files</Filter>
    </ClCompile>
    <ClCompile Include="directive\StateTransition.cpp">
      <Filter>Source Files</Filter>
    </ClCompile>
    <ClCompile Include="event\ChangeState.cpp">
      <Filter>Source Files</Filter>
    </ClCompile>
    <ClCompile Include="event\Death.cpp">
      <Filter>Source Files</Filter>
    </ClCompile>
    <ClCompile Include="event\Division.cpp">
      <Filter>Source Files</Filter>
    </ClCompile>
    <ClCompile Include="event\Event.cpp">
      <Filter>Source Files</Filter>
    </ClCompile>
    <ClCompile Include="Variable\BoolType.cpp">
      <Filter>Source Files</Filter>
    </ClCompile>
    <ClCompile Include="Variable\EnumType.cpp">
      <Filter>Source Files</Filter>
    </ClCompile>
    <ClCompile Include="Variable\Type.cpp">
      <Filter>Source Files</Filter>
    </ClCompile>
    <ClCompile Include="Variable\Variable.cpp">
      <Filter>Source Files</Filter>
    </ClCompile>
    <ClCompile Include="Expression\BoolExp.cpp">
      <Filter>Source Files</Filter>
    </ClCompile>
    <ClCompile Include="Expression\Negation.cpp">
      <Filter>Source Files</Filter>
    </ClCompile>
    <ClCompile Include="Expression\AndExp.cpp">
      <Filter>Source Files</Filter>
    </ClCompile>
    <ClCompile Include="Expression\BoolVar.cpp">
      <Filter>Source Files</Filter>
    </ClCompile>
    <ClCompile Include="Expression\EqExp.cpp">
      <Filter>Source Files</Filter>
    </ClCompile>
    <ClCompile Include="Expression\NeqExp.cpp">
      <Filter>Source Files</Filter>
    </ClCompile>
  </ItemGroup>
  <ItemGroup>
    <ClInclude Include="Cell.h">
      <Filter>Header Files</Filter>
    </ClInclude>
    <ClInclude Include="CellProgram.h">
      <Filter>Header Files</Filter>
    </ClInclude>
    <ClInclude Include="Condition.h">
      <Filter>Header Files</Filter>
    </ClInclude>
    <ClInclude Include="Happening.h">
      <Filter>Header Files</Filter>
    </ClInclude>
    <ClInclude Include="HelperFunctions.h">
      <Filter>Header Files</Filter>
    </ClInclude>
    <ClInclude Include="Simulation.h">
      <Filter>Header Files</Filter>
    </ClInclude>
    <ClInclude Include="State.h">
      <Filter>Header Files</Filter>
    </ClInclude>
    <ClInclude Include="directive\Directive.h">
      <Filter>Header Files</Filter>
    </ClInclude>
    <ClInclude Include="directive\Divide.h">
      <Filter>Header Files</Filter>
    </ClInclude>
    <ClInclude Include="directive\StateTransition.h">
      <Filter>Header Files</Filter>
    </ClInclude>
    <ClInclude Include="event\ChangeState.h">
      <Filter>Header Files</Filter>
    </ClInclude>
    <ClInclude Include="event\Death.h">
      <Filter>Header Files</Filter>
    </ClInclude>
    <ClInclude Include="event\Division.h">
      <Filter>Header Files</Filter>
    </ClInclude>
    <ClInclude Include="event\Event.h">
      <Filter>Header Files</Filter>
    </ClInclude>
    <ClInclude Include="Variable\BoolType.h">
      <Filter>Header Files</Filter>
    </ClInclude>
    <ClInclude Include="Variable\EnumType.h">
      <Filter>Header Files</Filter>
    </ClInclude>
    <ClInclude Include="Variable\Type.h">
      <Filter>Header Files</Filter>
    </ClInclude>
    <ClInclude Include="Variable\Variable.h">
      <Filter>Header Files</Filter>
    </ClInclude>
    <ClInclude Include="Expression\BoolExp.h">
      <Filter>Header Files</Filter>
    </ClInclude>
    <ClInclude Include="Expression\Negation.h">
      <Filter>Header Files</Filter>
    </ClInclude>
    <ClInclude Include="Expression\AndExp.h">
      <Filter>Header Files</Filter>
    </ClInclude>
    <ClInclude Include="Expression\BoolVar.h">
      <Filter>Header Files</Filter>
    </ClInclude>
    <ClInclude Include="Expression\EqExp.h">
      <Filter>Header Files</Filter>
    </ClInclude>
    <ClInclude Include="Expression\NeqExp.h">
      <Filter>Header Files</Filter>
    </ClInclude>
  </ItemGroup>
  <ItemGroup>
    <None Include="ClassDiagram.cd" />
  </ItemGroup>
</Project>