
Microsoft Visual Studio Solution File, Format Version 12.00
# Visual Studio 2013
VisualStudioVersion = 12.0.21005.1
MinimumVisualStudioVersion = 10.0.40219.1
Project("{F2A71F9B-5D33-465A-A702-920D77279786}") = "Athene", "Athene\Athene.fsproj", "{9C5F69B7-D600-4BF7-8803-1A4A1504C8B8}"
EndProject
Project("{F2A71F9B-5D33-465A-A702-920D77279786}") = "BioCheckAnalyzer64", "..\..\BioCheckWeb\BioCheckWeb-Main\BioCheckAnalyzer64\BioCheckAnalyzer64.fsproj", "{2975B5B6-78DE-4C9C-9D0C-584864CA590A}"
EndProject
Global
	GlobalSection(TeamFoundationVersionControl) = preSolution
		SccNumberOfProjects = 3
		SccEnterpriseProvider = {4CA58AB2-18FA-4F8D-95D4-32DDF27D184C}
		SccTeamFoundationServer = https://vstf-eu-dub-01.partners.extranet.microsoft.com:8443/tfs/ext04_consol_tpc1
		SccLocalPath0 = .
		SccProjectUniqueName1 = Athene\\Athene.fsproj
		SccProjectName1 = Athene
		SccLocalPath1 = Athene
		SccProjectUniqueName2 = ..\\..\\BioCheckWeb\\BioCheckWeb-Main\\BioCheckAnalyzer64\\BioCheckAnalyzer64.fsproj
		SccProjectName2 = ../../BioCheckWeb/BioCheckWeb-Main/BioCheckAnalyzer64
		SccLocalPath2 = ..\\..\\BioCheckWeb\\BioCheckWeb-Main\\BioCheckAnalyzer64
	EndGlobalSection
	GlobalSection(SolutionConfigurationPlatforms) = preSolution
		Debug|Any CPU = Debug|Any CPU
		Debug|Mixed Platforms = Debug|Mixed Platforms
		Debug|x86 = Debug|x86
		nuget|Any CPU = nuget|Any CPU
		nuget|Mixed Platforms = nuget|Mixed Platforms
		nuget|x86 = nuget|x86
		Release|Any CPU = Release|Any CPU
		Release|Mixed Platforms = Release|Mixed Platforms
		Release|x86 = Release|x86
	EndGlobalSection
	GlobalSection(ProjectConfigurationPlatforms) = postSolution
		{9C5F69B7-D600-4BF7-8803-1A4A1504C8B8}.Debug|Any CPU.ActiveCfg = Debug|Any CPU
		{9C5F69B7-D600-4BF7-8803-1A4A1504C8B8}.Debug|Any CPU.Build.0 = Debug|Any CPU
		{9C5F69B7-D600-4BF7-8803-1A4A1504C8B8}.Debug|Mixed Platforms.ActiveCfg = Debug|Any CPU
		{9C5F69B7-D600-4BF7-8803-1A4A1504C8B8}.Debug|Mixed Platforms.Build.0 = Debug|Any CPU
		{9C5F69B7-D600-4BF7-8803-1A4A1504C8B8}.Debug|x86.ActiveCfg = Debug|Any CPU
		{9C5F69B7-D600-4BF7-8803-1A4A1504C8B8}.nuget|Any CPU.ActiveCfg = Release|Any CPU
		{9C5F69B7-D600-4BF7-8803-1A4A1504C8B8}.nuget|Any CPU.Build.0 = Release|Any CPU
		{9C5F69B7-D600-4BF7-8803-1A4A1504C8B8}.nuget|Mixed Platforms.ActiveCfg = Release|Any CPU
		{9C5F69B7-D600-4BF7-8803-1A4A1504C8B8}.nuget|Mixed Platforms.Build.0 = Release|Any CPU
		{9C5F69B7-D600-4BF7-8803-1A4A1504C8B8}.nuget|x86.ActiveCfg = Release|Any CPU
		{9C5F69B7-D600-4BF7-8803-1A4A1504C8B8}.Release|Any CPU.ActiveCfg = Release|Any CPU
		{9C5F69B7-D600-4BF7-8803-1A4A1504C8B8}.Release|Any CPU.Build.0 = Release|Any CPU
		{9C5F69B7-D600-4BF7-8803-1A4A1504C8B8}.Release|Mixed Platforms.ActiveCfg = Release|Any CPU
		{9C5F69B7-D600-4BF7-8803-1A4A1504C8B8}.Release|Mixed Platforms.Build.0 = Release|Any CPU
		{9C5F69B7-D600-4BF7-8803-1A4A1504C8B8}.Release|x86.ActiveCfg = Release|Any CPU
		{2975B5B6-78DE-4C9C-9D0C-584864CA590A}.Debug|Any CPU.ActiveCfg = Debug|Any CPU
		{2975B5B6-78DE-4C9C-9D0C-584864CA590A}.Debug|Any CPU.Build.0 = Debug|Any CPU
		{2975B5B6-78DE-4C9C-9D0C-584864CA590A}.Debug|Mixed Platforms.ActiveCfg = Debug|Any CPU
		{2975B5B6-78DE-4C9C-9D0C-584864CA590A}.Debug|Mixed Platforms.Build.0 = Debug|Any CPU
		{2975B5B6-78DE-4C9C-9D0C-584864CA590A}.Debug|x86.ActiveCfg = Debug|Any CPU
		{2975B5B6-78DE-4C9C-9D0C-584864CA590A}.nuget|Any CPU.ActiveCfg = Release|Any CPU
		{2975B5B6-78DE-4C9C-9D0C-584864CA590A}.nuget|Any CPU.Build.0 = Release|Any CPU
		{2975B5B6-78DE-4C9C-9D0C-584864CA590A}.nuget|Mixed Platforms.ActiveCfg = Release|Any CPU
		{2975B5B6-78DE-4C9C-9D0C-584864CA590A}.nuget|Mixed Platforms.Build.0 = Release|Any CPU
		{2975B5B6-78DE-4C9C-9D0C-584864CA590A}.nuget|x86.ActiveCfg = Release|Any CPU
		{2975B5B6-78DE-4C9C-9D0C-584864CA590A}.Release|Any CPU.ActiveCfg = Release|Any CPU
		{2975B5B6-78DE-4C9C-9D0C-584864CA590A}.Release|Any CPU.Build.0 = Release|Any CPU
		{2975B5B6-78DE-4C9C-9D0C-584864CA590A}.Release|Mixed Platforms.ActiveCfg = Release|Any CPU
		{2975B5B6-78DE-4C9C-9D0C-584864CA590A}.Release|Mixed Platforms.Build.0 = Release|Any CPU
		{2975B5B6-78DE-4C9C-9D0C-584864CA590A}.Release|x86.ActiveCfg = Release|Any CPU
	EndGlobalSection
	GlobalSection(SolutionProperties) = preSolution
		HideSolutionNode = FALSE
	EndGlobalSection
EndGlobal
