
Microsoft Visual Studio Solution File, Format Version 12.00
# Visual Studio 2012
Project("{2150E333-8FDC-42A3-9474-1A3956D46DE8}") = ".paket", ".paket", "{A5CA032E-7E1C-4D18-A6F6-FD0AD5807AC9}"
	ProjectSection(SolutionItems) = preProject
		..\..\paket.dependencies = ..\..\paket.dependencies
	EndProjectSection
EndProject
Project("{2150E333-8FDC-42A3-9474-1A3956D46DE8}") = "Root", "Root", "{6F39A599-0D4E-46F1-971F-AFBE2EC92951}"
EndProject
Project("{2150E333-8FDC-42A3-9474-1A3956D46DE8}") = "Report", "Report", "{B7FC4D5E-96FD-40A6-BBFA-D6656ECE2CDC}"
	ProjectSection(SolutionItems) = preProject
		CancerCellModel\CancerModelProject_Report.docx = CancerCellModel\CancerModelProject_Report.docx
		CancerCellModel\video.mp4 = CancerCellModel\video.mp4
	EndProjectSection
EndProject
Project("{FAE04EC0-301F-11D3-BF4B-00C04F79EFBC}") = "alglib", "..\..\src\alglib\alglib.csproj", "{9566F57D-5119-43C8-B792-2F575D291E25}"
EndProject
Project("{F2A71F9B-5D33-465A-A702-920D77279786}") = "CancerCellModel", "..\..\src\CancerCellModel\CancerCellModel.fsproj", "{6673B7FF-025B-4D73-BA19-62640913FE28}"
EndProject
Global
	GlobalSection(SolutionConfigurationPlatforms) = preSolution
		Debug|Any CPU = Debug|Any CPU
		Release|Any CPU = Release|Any CPU
	EndGlobalSection
	GlobalSection(ProjectConfigurationPlatforms) = postSolution
		{9566F57D-5119-43C8-B792-2F575D291E25}.Debug|Any CPU.ActiveCfg = Debug|Any CPU
		{9566F57D-5119-43C8-B792-2F575D291E25}.Debug|Any CPU.Build.0 = Debug|Any CPU
		{9566F57D-5119-43C8-B792-2F575D291E25}.Release|Any CPU.ActiveCfg = Release|Any CPU
		{9566F57D-5119-43C8-B792-2F575D291E25}.Release|Any CPU.Build.0 = Release|Any CPU
		{6673B7FF-025B-4D73-BA19-62640913FE28}.Debug|Any CPU.ActiveCfg = Debug|Any CPU
		{6673B7FF-025B-4D73-BA19-62640913FE28}.Debug|Any CPU.Build.0 = Debug|Any CPU
		{6673B7FF-025B-4D73-BA19-62640913FE28}.Release|Any CPU.ActiveCfg = Release|Any CPU
		{6673B7FF-025B-4D73-BA19-62640913FE28}.Release|Any CPU.Build.0 = Release|Any CPU
	EndGlobalSection
	GlobalSection(SolutionProperties) = preSolution
		HideSolutionNode = FALSE
	EndGlobalSection
	GlobalSection(NestedProjects) = preSolution
		{B7FC4D5E-96FD-40A6-BBFA-D6656ECE2CDC} = {6F39A599-0D4E-46F1-971F-AFBE2EC92951}
	EndGlobalSection
EndGlobal
