
Microsoft Visual Studio Solution File, Format Version 12.00
# Visual Studio 2012
Project("{E24C65DC-7377-472B-9ABA-BC803B73C61A}") = "bmaclient", "http://localhost:15062", "{2424E2D3-514D-4B3F-BC47-C9E2027FE24C}"
	ProjectSection(WebsiteProperties) = preProject
		UseIISExpress = "true"
		TargetFrameworkMoniker = ".NETFramework,Version%3Dv4.5"
		Debug.AspNetCompiler.VirtualPath = "/localhost_15062"
		Debug.AspNetCompiler.PhysicalPath = "..\..\src\bmaclient\"
		Debug.AspNetCompiler.TargetPath = "PrecompiledWeb\localhost_15062\"
		Debug.AspNetCompiler.Updateable = "true"
		Debug.AspNetCompiler.ForceOverwrite = "true"
		Debug.AspNetCompiler.FixedNames = "false"
		Debug.AspNetCompiler.Debug = "True"
		Release.AspNetCompiler.VirtualPath = "/localhost_15062"
		Release.AspNetCompiler.PhysicalPath = "..\..\src\bmaclient\"
		Release.AspNetCompiler.TargetPath = "PrecompiledWeb\localhost_15062\"
		Release.AspNetCompiler.Updateable = "true"
		Release.AspNetCompiler.ForceOverwrite = "true"
		Release.AspNetCompiler.FixedNames = "false"
		Release.AspNetCompiler.Debug = "False"
		SlnRelativePath = "..\..\src\bmaclient\"
		DefaultWebSiteLanguage = "Visual C#"
	EndProjectSection
EndProject
Global
	GlobalSection(SolutionConfigurationPlatforms) = preSolution
		Debug|Any CPU = Debug|Any CPU
	EndGlobalSection
	GlobalSection(ProjectConfigurationPlatforms) = postSolution
		{2424E2D3-514D-4B3F-BC47-C9E2027FE24C}.Debug|Any CPU.ActiveCfg = Debug|Any CPU
		{2424E2D3-514D-4B3F-BC47-C9E2027FE24C}.Debug|Any CPU.Build.0 = Debug|Any CPU
	EndGlobalSection
	GlobalSection(SolutionProperties) = preSolution
		HideSolutionNode = FALSE
	EndGlobalSection
EndGlobal
