
Microsoft Visual Studio Solution File, Format Version 12.00
# Visual Studio 14
VisualStudioVersion = 14.0.23107.0
MinimumVisualStudioVersion = 10.0.40219.1
Project("{2150E333-8FDC-42A3-9474-1A3956D46DE8}") = ".nuget", ".nuget", "{F7B5A3D7-B82D-4906-940C-DED019A886BC}"
	ProjectSection(SolutionItems) = preProject
		.nuget\packages.config = .nuget\packages.config
	EndProjectSection
EndProject
Project("{2150E333-8FDC-42A3-9474-1A3956D46DE8}") = "Analysis", "Analysis", "{491D2994-4833-439D-8426-B0AA75EE0F08}"
EndProject
Project("{FAE04EC0-301F-11D3-BF4B-00C04F79EFBC}") = "bma.client", "..\..\src\bma.client\bma.client.csproj", "{A314F5C8-D91B-4AC0-A9CE-22BD7696DBFF}"
EndProject
Project("{FAE04EC0-301F-11D3-BF4B-00C04F79EFBC}") = "BioCheckAnalyzerCommon", "..\..\src\BioCheckAnalyzerCommon\BioCheckAnalyzerCommon.csproj", "{61E37D4E-172B-45DD-9289-5C874A8320F0}"
EndProject
Project("{F2A71F9B-5D33-465A-A702-920D77279786}") = "BioCheckAnalyzer64", "..\..\src\BioCheckAnalyzer64\BioCheckAnalyzer64.fsproj", "{2975B5B6-78DE-4C9C-9D0C-584864CA590A}"
EndProject
Project("{FAE04EC0-301F-11D3-BF4B-00C04F79EFBC}") = "FParsecCS", "..\..\ext\FParsec\fparsec-main-c234349e7b73\Build\VS11\FParsecCS.csproj", "{501423C3-8EA5-4E54-8D9C-EF60272B57FA}"
EndProject
Project("{F2A71F9B-5D33-465A-A702-920D77279786}") = "FParsec", "..\..\ext\FParsec\fparsec-main-c234349e7b73\Build\VS11\FParsec.fsproj", "{8EA340D3-E9E0-477E-9AC3-FBFDF3BAD41E}"
EndProject
Project("{F2A71F9B-5D33-465A-A702-920D77279786}") = "UIExpr", "..\..\src\UIExpr\UIExpr.fsproj", "{C6745675-EA9F-41F3-BFFC-2C3810585B36}"
EndProject
Project("{F2A71F9B-5D33-465A-A702-920D77279786}") = "BackEndTests", "..\..\src\BackEndTests\BackEndTests.fsproj", "{5BB237C7-EDA2-4558-883E-A50CE6C096E6}"
EndProject
Project("{FAE04EC0-301F-11D3-BF4B-00C04F79EFBC}") = "LegacyModelsImporter", "..\..\src\LegacyModelsImporter\LegacyModelsImporter.csproj", "{68041FBC-F127-4770-93D3-DCA3AE200A64}"
EndProject
Project("{CC5FD16D-436D-48AD-A40C-5A424C6E3E79}") = "BMACloudService", "..\..\src\BMACloudService\BMACloudService.ccproj", "{61C59A01-322F-4B27-8C30-9507181CA2FC}"
EndProject
Project("{FAE04EC0-301F-11D3-BF4B-00C04F79EFBC}") = "BMAWebApi", "..\..\src\BMAWebApi\BMAWebApi.csproj", "{6652FDAB-C878-4661-BAAD-664CF8327467}"
EndProject
Project("{F2A71F9B-5D33-465A-A702-920D77279786}") = "BioCheckAnalyzer32", "..\..\src\BioCheckAnalyzer32\BioCheckAnalyzer32.fsproj", "{27FCEE47-CED8-4629-9989-7E9A490B090E}"
EndProject
Global
	GlobalSection(SolutionConfigurationPlatforms) = preSolution
		Debug|Any CPU = Debug|Any CPU
		Debug|x64 = Debug|x64
		nuget|Any CPU = nuget|Any CPU
		nuget|x64 = nuget|x64
		Release|Any CPU = Release|Any CPU
		Release|x64 = Release|x64
	EndGlobalSection
	GlobalSection(ProjectConfigurationPlatforms) = postSolution
		{A314F5C8-D91B-4AC0-A9CE-22BD7696DBFF}.Debug|Any CPU.ActiveCfg = Debug|Any CPU
		{A314F5C8-D91B-4AC0-A9CE-22BD7696DBFF}.Debug|Any CPU.Build.0 = Debug|Any CPU
		{A314F5C8-D91B-4AC0-A9CE-22BD7696DBFF}.Debug|x64.ActiveCfg = Debug|x64
		{A314F5C8-D91B-4AC0-A9CE-22BD7696DBFF}.Debug|x64.Build.0 = Debug|x64
		{A314F5C8-D91B-4AC0-A9CE-22BD7696DBFF}.nuget|Any CPU.ActiveCfg = Release|Any CPU
		{A314F5C8-D91B-4AC0-A9CE-22BD7696DBFF}.nuget|Any CPU.Build.0 = Release|Any CPU
		{A314F5C8-D91B-4AC0-A9CE-22BD7696DBFF}.nuget|x64.ActiveCfg = Release|x64
		{A314F5C8-D91B-4AC0-A9CE-22BD7696DBFF}.nuget|x64.Build.0 = Release|x64
		{A314F5C8-D91B-4AC0-A9CE-22BD7696DBFF}.Release|Any CPU.ActiveCfg = Release|Any CPU
		{A314F5C8-D91B-4AC0-A9CE-22BD7696DBFF}.Release|Any CPU.Build.0 = Release|Any CPU
		{A314F5C8-D91B-4AC0-A9CE-22BD7696DBFF}.Release|x64.ActiveCfg = Release|x64
		{A314F5C8-D91B-4AC0-A9CE-22BD7696DBFF}.Release|x64.Build.0 = Release|x64
		{61E37D4E-172B-45DD-9289-5C874A8320F0}.Debug|Any CPU.ActiveCfg = Debug|Any CPU
		{61E37D4E-172B-45DD-9289-5C874A8320F0}.Debug|Any CPU.Build.0 = Debug|Any CPU
		{61E37D4E-172B-45DD-9289-5C874A8320F0}.Debug|x64.ActiveCfg = Debug|x64
		{61E37D4E-172B-45DD-9289-5C874A8320F0}.Debug|x64.Build.0 = Debug|x64
		{61E37D4E-172B-45DD-9289-5C874A8320F0}.nuget|Any CPU.ActiveCfg = Release|Any CPU
		{61E37D4E-172B-45DD-9289-5C874A8320F0}.nuget|Any CPU.Build.0 = Release|Any CPU
		{61E37D4E-172B-45DD-9289-5C874A8320F0}.nuget|x64.ActiveCfg = Release|x64
		{61E37D4E-172B-45DD-9289-5C874A8320F0}.nuget|x64.Build.0 = Release|x64
		{61E37D4E-172B-45DD-9289-5C874A8320F0}.Release|Any CPU.ActiveCfg = Release|Any CPU
		{61E37D4E-172B-45DD-9289-5C874A8320F0}.Release|Any CPU.Build.0 = Release|Any CPU
		{61E37D4E-172B-45DD-9289-5C874A8320F0}.Release|x64.ActiveCfg = Release|x64
		{61E37D4E-172B-45DD-9289-5C874A8320F0}.Release|x64.Build.0 = Release|x64
		{2975B5B6-78DE-4C9C-9D0C-584864CA590A}.Debug|Any CPU.ActiveCfg = Debug|Any CPU
		{2975B5B6-78DE-4C9C-9D0C-584864CA590A}.Debug|Any CPU.Build.0 = Debug|Any CPU
		{2975B5B6-78DE-4C9C-9D0C-584864CA590A}.Debug|x64.ActiveCfg = Debug|x64
		{2975B5B6-78DE-4C9C-9D0C-584864CA590A}.Debug|x64.Build.0 = Debug|x64
		{2975B5B6-78DE-4C9C-9D0C-584864CA590A}.nuget|Any CPU.ActiveCfg = Release|Any CPU
		{2975B5B6-78DE-4C9C-9D0C-584864CA590A}.nuget|Any CPU.Build.0 = Release|Any CPU
		{2975B5B6-78DE-4C9C-9D0C-584864CA590A}.nuget|x64.ActiveCfg = Release|x64
		{2975B5B6-78DE-4C9C-9D0C-584864CA590A}.nuget|x64.Build.0 = Release|x64
		{2975B5B6-78DE-4C9C-9D0C-584864CA590A}.Release|Any CPU.ActiveCfg = Release|Any CPU
		{2975B5B6-78DE-4C9C-9D0C-584864CA590A}.Release|Any CPU.Build.0 = Release|Any CPU
		{2975B5B6-78DE-4C9C-9D0C-584864CA590A}.Release|x64.ActiveCfg = Release|x64
		{2975B5B6-78DE-4C9C-9D0C-584864CA590A}.Release|x64.Build.0 = Release|x64
		{501423C3-8EA5-4E54-8D9C-EF60272B57FA}.Debug|Any CPU.ActiveCfg = Debug|Any CPU
		{501423C3-8EA5-4E54-8D9C-EF60272B57FA}.Debug|Any CPU.Build.0 = Debug|Any CPU
		{501423C3-8EA5-4E54-8D9C-EF60272B57FA}.Debug|x64.ActiveCfg = Debug|x64
		{501423C3-8EA5-4E54-8D9C-EF60272B57FA}.Debug|x64.Build.0 = Debug|x64
		{501423C3-8EA5-4E54-8D9C-EF60272B57FA}.nuget|Any CPU.ActiveCfg = nuget|Any CPU
		{501423C3-8EA5-4E54-8D9C-EF60272B57FA}.nuget|Any CPU.Build.0 = nuget|Any CPU
		{501423C3-8EA5-4E54-8D9C-EF60272B57FA}.nuget|x64.ActiveCfg = nuget|x64
		{501423C3-8EA5-4E54-8D9C-EF60272B57FA}.nuget|x64.Build.0 = nuget|x64
		{501423C3-8EA5-4E54-8D9C-EF60272B57FA}.Release|Any CPU.ActiveCfg = Release|Any CPU
		{501423C3-8EA5-4E54-8D9C-EF60272B57FA}.Release|Any CPU.Build.0 = Release|Any CPU
		{501423C3-8EA5-4E54-8D9C-EF60272B57FA}.Release|x64.ActiveCfg = Release|x64
		{501423C3-8EA5-4E54-8D9C-EF60272B57FA}.Release|x64.Build.0 = Release|x64
		{8EA340D3-E9E0-477E-9AC3-FBFDF3BAD41E}.Debug|Any CPU.ActiveCfg = Debug|Any CPU
		{8EA340D3-E9E0-477E-9AC3-FBFDF3BAD41E}.Debug|Any CPU.Build.0 = Debug|Any CPU
		{8EA340D3-E9E0-477E-9AC3-FBFDF3BAD41E}.Debug|x64.ActiveCfg = Debug|x64
		{8EA340D3-E9E0-477E-9AC3-FBFDF3BAD41E}.Debug|x64.Build.0 = Debug|x64
		{8EA340D3-E9E0-477E-9AC3-FBFDF3BAD41E}.nuget|Any CPU.ActiveCfg = nuget|Any CPU
		{8EA340D3-E9E0-477E-9AC3-FBFDF3BAD41E}.nuget|Any CPU.Build.0 = nuget|Any CPU
		{8EA340D3-E9E0-477E-9AC3-FBFDF3BAD41E}.nuget|x64.ActiveCfg = nuget|x64
		{8EA340D3-E9E0-477E-9AC3-FBFDF3BAD41E}.nuget|x64.Build.0 = nuget|x64
		{8EA340D3-E9E0-477E-9AC3-FBFDF3BAD41E}.Release|Any CPU.ActiveCfg = Release|Any CPU
		{8EA340D3-E9E0-477E-9AC3-FBFDF3BAD41E}.Release|Any CPU.Build.0 = Release|Any CPU
		{8EA340D3-E9E0-477E-9AC3-FBFDF3BAD41E}.Release|x64.ActiveCfg = Release|x64
		{8EA340D3-E9E0-477E-9AC3-FBFDF3BAD41E}.Release|x64.Build.0 = Release|x64
		{C6745675-EA9F-41F3-BFFC-2C3810585B36}.Debug|Any CPU.ActiveCfg = Debug|Any CPU
		{C6745675-EA9F-41F3-BFFC-2C3810585B36}.Debug|Any CPU.Build.0 = Debug|Any CPU
		{C6745675-EA9F-41F3-BFFC-2C3810585B36}.Debug|x64.ActiveCfg = Debug|x64
		{C6745675-EA9F-41F3-BFFC-2C3810585B36}.Debug|x64.Build.0 = Debug|x64
		{C6745675-EA9F-41F3-BFFC-2C3810585B36}.nuget|Any CPU.ActiveCfg = Release|Any CPU
		{C6745675-EA9F-41F3-BFFC-2C3810585B36}.nuget|Any CPU.Build.0 = Release|Any CPU
		{C6745675-EA9F-41F3-BFFC-2C3810585B36}.nuget|x64.ActiveCfg = Release|x64
		{C6745675-EA9F-41F3-BFFC-2C3810585B36}.nuget|x64.Build.0 = Release|x64
		{C6745675-EA9F-41F3-BFFC-2C3810585B36}.Release|Any CPU.ActiveCfg = Release|Any CPU
		{C6745675-EA9F-41F3-BFFC-2C3810585B36}.Release|Any CPU.Build.0 = Release|Any CPU
		{C6745675-EA9F-41F3-BFFC-2C3810585B36}.Release|x64.ActiveCfg = Release|x64
		{C6745675-EA9F-41F3-BFFC-2C3810585B36}.Release|x64.Build.0 = Release|x64
		{5BB237C7-EDA2-4558-883E-A50CE6C096E6}.Debug|Any CPU.ActiveCfg = Debug|Any CPU
		{5BB237C7-EDA2-4558-883E-A50CE6C096E6}.Debug|Any CPU.Build.0 = Debug|Any CPU
		{5BB237C7-EDA2-4558-883E-A50CE6C096E6}.Debug|x64.ActiveCfg = Debug|x64
		{5BB237C7-EDA2-4558-883E-A50CE6C096E6}.Debug|x64.Build.0 = Debug|x64
		{5BB237C7-EDA2-4558-883E-A50CE6C096E6}.nuget|Any CPU.ActiveCfg = Release|Any CPU
		{5BB237C7-EDA2-4558-883E-A50CE6C096E6}.nuget|Any CPU.Build.0 = Release|Any CPU
		{5BB237C7-EDA2-4558-883E-A50CE6C096E6}.nuget|x64.ActiveCfg = Release|x64
		{5BB237C7-EDA2-4558-883E-A50CE6C096E6}.nuget|x64.Build.0 = Release|x64
		{5BB237C7-EDA2-4558-883E-A50CE6C096E6}.Release|Any CPU.ActiveCfg = Release|Any CPU
		{5BB237C7-EDA2-4558-883E-A50CE6C096E6}.Release|Any CPU.Build.0 = Release|Any CPU
		{5BB237C7-EDA2-4558-883E-A50CE6C096E6}.Release|x64.ActiveCfg = Release|x64
		{5BB237C7-EDA2-4558-883E-A50CE6C096E6}.Release|x64.Build.0 = Release|x64
		{68041FBC-F127-4770-93D3-DCA3AE200A64}.Debug|Any CPU.ActiveCfg = Debug|Any CPU
		{68041FBC-F127-4770-93D3-DCA3AE200A64}.Debug|Any CPU.Build.0 = Debug|Any CPU
		{68041FBC-F127-4770-93D3-DCA3AE200A64}.Debug|x64.ActiveCfg = Debug|x64
		{68041FBC-F127-4770-93D3-DCA3AE200A64}.Debug|x64.Build.0 = Debug|x64
		{68041FBC-F127-4770-93D3-DCA3AE200A64}.nuget|Any CPU.ActiveCfg = Release|Any CPU
		{68041FBC-F127-4770-93D3-DCA3AE200A64}.nuget|Any CPU.Build.0 = Release|Any CPU
		{68041FBC-F127-4770-93D3-DCA3AE200A64}.nuget|x64.ActiveCfg = Release|x64
		{68041FBC-F127-4770-93D3-DCA3AE200A64}.nuget|x64.Build.0 = Release|x64
		{68041FBC-F127-4770-93D3-DCA3AE200A64}.Release|Any CPU.ActiveCfg = Release|Any CPU
		{68041FBC-F127-4770-93D3-DCA3AE200A64}.Release|Any CPU.Build.0 = Release|Any CPU
		{68041FBC-F127-4770-93D3-DCA3AE200A64}.Release|x64.ActiveCfg = Release|x64
		{68041FBC-F127-4770-93D3-DCA3AE200A64}.Release|x64.Build.0 = Release|x64
		{61C59A01-322F-4B27-8C30-9507181CA2FC}.Debug|Any CPU.ActiveCfg = Debug|Any CPU
		{61C59A01-322F-4B27-8C30-9507181CA2FC}.Debug|Any CPU.Build.0 = Debug|Any CPU
		{61C59A01-322F-4B27-8C30-9507181CA2FC}.Debug|x64.ActiveCfg = Debug|Any CPU
		{61C59A01-322F-4B27-8C30-9507181CA2FC}.Debug|x64.Build.0 = Debug|Any CPU
		{61C59A01-322F-4B27-8C30-9507181CA2FC}.nuget|Any CPU.ActiveCfg = Release|Any CPU
		{61C59A01-322F-4B27-8C30-9507181CA2FC}.nuget|Any CPU.Build.0 = Release|Any CPU
		{61C59A01-322F-4B27-8C30-9507181CA2FC}.nuget|x64.ActiveCfg = Release|Any CPU
		{61C59A01-322F-4B27-8C30-9507181CA2FC}.Release|Any CPU.ActiveCfg = Release|Any CPU
		{61C59A01-322F-4B27-8C30-9507181CA2FC}.Release|Any CPU.Build.0 = Release|Any CPU
		{61C59A01-322F-4B27-8C30-9507181CA2FC}.Release|x64.ActiveCfg = Release|Any CPU
		{6652FDAB-C878-4661-BAAD-664CF8327467}.Debug|Any CPU.ActiveCfg = Debug|Any CPU
		{6652FDAB-C878-4661-BAAD-664CF8327467}.Debug|Any CPU.Build.0 = Debug|Any CPU
		{6652FDAB-C878-4661-BAAD-664CF8327467}.Debug|x64.ActiveCfg = Debug|x64
		{6652FDAB-C878-4661-BAAD-664CF8327467}.Debug|x64.Build.0 = Debug|x64
		{6652FDAB-C878-4661-BAAD-664CF8327467}.nuget|Any CPU.ActiveCfg = Release|Any CPU
		{6652FDAB-C878-4661-BAAD-664CF8327467}.nuget|Any CPU.Build.0 = Release|Any CPU
		{6652FDAB-C878-4661-BAAD-664CF8327467}.nuget|x64.ActiveCfg = Release|x64
		{6652FDAB-C878-4661-BAAD-664CF8327467}.nuget|x64.Build.0 = Release|x64
		{6652FDAB-C878-4661-BAAD-664CF8327467}.Release|Any CPU.ActiveCfg = Release|Any CPU
		{6652FDAB-C878-4661-BAAD-664CF8327467}.Release|Any CPU.Build.0 = Release|Any CPU
		{6652FDAB-C878-4661-BAAD-664CF8327467}.Release|x64.ActiveCfg = Release|x64
		{6652FDAB-C878-4661-BAAD-664CF8327467}.Release|x64.Build.0 = Release|x64
		{27FCEE47-CED8-4629-9989-7E9A490B090E}.Debug|Any CPU.ActiveCfg = Debug|Any CPU
		{27FCEE47-CED8-4629-9989-7E9A490B090E}.Debug|Any CPU.Build.0 = Debug|Any CPU
		{27FCEE47-CED8-4629-9989-7E9A490B090E}.Debug|x64.ActiveCfg = Debug|x64
		{27FCEE47-CED8-4629-9989-7E9A490B090E}.Debug|x64.Build.0 = Debug|x64
		{27FCEE47-CED8-4629-9989-7E9A490B090E}.nuget|Any CPU.ActiveCfg = Release|Any CPU
		{27FCEE47-CED8-4629-9989-7E9A490B090E}.nuget|Any CPU.Build.0 = Release|Any CPU
		{27FCEE47-CED8-4629-9989-7E9A490B090E}.nuget|x64.ActiveCfg = Release|x64
		{27FCEE47-CED8-4629-9989-7E9A490B090E}.nuget|x64.Build.0 = Release|x64
		{27FCEE47-CED8-4629-9989-7E9A490B090E}.Release|Any CPU.ActiveCfg = Release|Any CPU
		{27FCEE47-CED8-4629-9989-7E9A490B090E}.Release|Any CPU.Build.0 = Release|Any CPU
		{27FCEE47-CED8-4629-9989-7E9A490B090E}.Release|x64.ActiveCfg = Release|x64
		{27FCEE47-CED8-4629-9989-7E9A490B090E}.Release|x64.Build.0 = Release|x64
	EndGlobalSection
	GlobalSection(SolutionProperties) = preSolution
		HideSolutionNode = FALSE
	EndGlobalSection
	GlobalSection(NestedProjects) = preSolution
		{61E37D4E-172B-45DD-9289-5C874A8320F0} = {491D2994-4833-439D-8426-B0AA75EE0F08}
		{2975B5B6-78DE-4C9C-9D0C-584864CA590A} = {491D2994-4833-439D-8426-B0AA75EE0F08}
		{501423C3-8EA5-4E54-8D9C-EF60272B57FA} = {491D2994-4833-439D-8426-B0AA75EE0F08}
		{8EA340D3-E9E0-477E-9AC3-FBFDF3BAD41E} = {491D2994-4833-439D-8426-B0AA75EE0F08}
		{C6745675-EA9F-41F3-BFFC-2C3810585B36} = {491D2994-4833-439D-8426-B0AA75EE0F08}
		{27FCEE47-CED8-4629-9989-7E9A490B090E} = {491D2994-4833-439D-8426-B0AA75EE0F08}
	EndGlobalSection
EndGlobal
