
Microsoft Visual Studio Solution File, Format Version 12.00
# Visual Studio 2013
VisualStudioVersion = 12.0.30501.0
MinimumVisualStudioVersion = 10.0.40219.1
Project("{FAE04EC0-301F-11D3-BF4B-00C04F79EFBC}") = "bma.client", "..\..\src\bma.client\bma.client.csproj", "{A314F5C8-D91B-4AC0-A9CE-22BD7696DBFF}"
EndProject
Global
	GlobalSection(SolutionConfigurationPlatforms) = preSolution
		Debug|Any CPU = Debug|Any CPU
		Release|Any CPU = Release|Any CPU
	EndGlobalSection
	GlobalSection(ProjectConfigurationPlatforms) = postSolution
		{A314F5C8-D91B-4AC0-A9CE-22BD7696DBFF}.Debug|Any CPU.ActiveCfg = Debug|Any CPU
		{A314F5C8-D91B-4AC0-A9CE-22BD7696DBFF}.Debug|Any CPU.Build.0 = Debug|Any CPU
		{A314F5C8-D91B-4AC0-A9CE-22BD7696DBFF}.Release|Any CPU.ActiveCfg = Release|Any CPU
		{A314F5C8-D91B-4AC0-A9CE-22BD7696DBFF}.Release|Any CPU.Build.0 = Release|Any CPU
	EndGlobalSection
	GlobalSection(SolutionProperties) = preSolution
		HideSolutionNode = FALSE
	EndGlobalSection
EndGlobal
