
Microsoft Visual Studio Solution File, Format Version 12.00
# Visual Studio 14
VisualStudioVersion = 14.0.25420.1
MinimumVisualStudioVersion = 10.0.40219.1
Project("{2150E333-8FDC-42A3-9474-1A3956D46DE8}") = ".paket", ".paket", "{9C3D7686-A7AF-42B6-B012-29EE85F873DE}"
	ProjectSection(SolutionItems) = preProject
		..\..\paket.dependencies = ..\..\paket.dependencies
	EndProjectSection
EndProject
Project("{2150E333-8FDC-42A3-9474-1A3956D46DE8}") = "Analysis", "Analysis", "{491D2994-4833-439D-8426-B0AA75EE0F08}"
EndProject
Project("{FAE04EC0-301F-11D3-BF4B-00C04F79EFBC}") = "bma.client", "..\..\src\bma.client\bma.client.csproj", "{A314F5C8-D91B-4AC0-A9CE-22BD7696DBFF}"
	ProjectSection(ProjectDependencies) = postProject
		{68A7F32F-0860-4688-8C82-C55196461E48} = {68A7F32F-0860-4688-8C82-C55196461E48}
	EndProjectSection
EndProject
Project("{FAE04EC0-301F-11D3-BF4B-00C04F79EFBC}") = "BioCheckAnalyzerCommon", "..\..\src\BioCheckAnalyzerCommon\BioCheckAnalyzerCommon.csproj", "{61E37D4E-172B-45DD-9289-5C874A8320F0}"
EndProject
Project("{FAE04EC0-301F-11D3-BF4B-00C04F79EFBC}") = "FParsecCS", "..\..\ext\FParsec\fparsec-main-c234349e7b73\Build\VS11\FParsecCS.csproj", "{501423C3-8EA5-4E54-8D9C-EF60272B57FA}"
EndProject
Project("{F2A71F9B-5D33-465A-A702-920D77279786}") = "FParsec", "..\..\ext\FParsec\fparsec-main-c234349e7b73\Build\VS11\FParsec.fsproj", "{8EA340D3-E9E0-477E-9AC3-FBFDF3BAD41E}"
EndProject
Project("{F2A71F9B-5D33-465A-A702-920D77279786}") = "UIExpr", "..\..\src\UIExpr\UIExpr.fsproj", "{C6745675-EA9F-41F3-BFFC-2C3810585B36}"
EndProject
Project("{F2A71F9B-5D33-465A-A702-920D77279786}") = "BackEndTests", "..\..\src\BackEndTests\BackEndTests.fsproj", "{5BB237C7-EDA2-4558-883E-A50CE6C096E6}"
EndProject
Project("{FAE04EC0-301F-11D3-BF4B-00C04F79EFBC}") = "BMAWebApi", "..\..\src\BMAWebApi\BMAWebApi.csproj", "{6652FDAB-C878-4661-BAAD-664CF8327467}"
EndProject
Project("{F2A71F9B-5D33-465A-A702-920D77279786}") = "BioCheckAnalyzer", "..\..\src\BioCheckAnalyzer\BioCheckAnalyzer.fsproj", "{27FCEE47-CED8-4629-9989-7E9A490B090E}"
EndProject
Project("{FAE04EC0-301F-11D3-BF4B-00C04F79EFBC}") = "bma.package", "..\..\src\bma.package\bma.package.csproj", "{68A7F32F-0860-4688-8C82-C55196461E48}"
EndProject
Project("{FAE04EC0-301F-11D3-BF4B-00C04F79EFBC}") = "ApiServer", "..\..\src\ApiServer\ApiServer.csproj", "{8F8EE772-02FA-4623-B407-006FB7B9A314}"
EndProject
Project("{2150E333-8FDC-42A3-9474-1A3956D46DE8}") = "Scheduling", "Scheduling", "{3A75A43A-30CB-4D92-89EB-7DA995979C52}"
EndProject
Project("{F2A71F9B-5D33-465A-A702-920D77279786}") = "FairShareScheduler.Common", "..\..\src\FairShareScheduler.Common\FairShareScheduler.Common.fsproj", "{850DF26E-27B2-4766-99DE-B815616C0D90}"
EndProject
Project("{F2A71F9B-5D33-465A-A702-920D77279786}") = "FairShareScheduler", "..\..\src\FairShareScheduler\FairShareScheduler.fsproj", "{A66E4EE3-5D4E-4889-90EC-36317A4DE882}"
EndProject
Project("{F2A71F9B-5D33-465A-A702-920D77279786}") = "WebApiTests", "..\..\src\WebApiTests\WebApiTests.fsproj", "{DF15D215-F176-428F-8E7B-52C47AEDA7D7}"
EndProject
Project("{2150E333-8FDC-42A3-9474-1A3956D46DE8}") = "docs", "docs", "{CC7BADC4-D854-47AE-A58D-D488552C2894}"
	ProjectSection(SolutionItems) = preProject
		..\..\docs\ApiServer.yaml = ..\..\docs\ApiServer.yaml
		..\..\docs\WebAPI\FairShareScheduler.yaml = ..\..\docs\WebAPI\FairShareScheduler.yaml
		..\..\README.md = ..\..\README.md
		..\..\docs\WebAPI\WebApi.yaml = ..\..\docs\WebAPI\WebApi.yaml
	EndProjectSection
EndProject
Project("{2150E333-8FDC-42A3-9474-1A3956D46DE8}") = "Jobs", "Jobs", "{9C3EDDD9-AFD3-4C20-9BDD-0389E6387231}"
EndProject
Project("{FAE04EC0-301F-11D3-BF4B-00C04F79EFBC}") = "AnalyzeLTL", "..\..\src\Jobs\AnalyzeLTL\AnalyzeLTL.csproj", "{F27A4A37-7FDE-473E-AC6A-DCB38451BBF4}"
EndProject
Project("{FAE04EC0-301F-11D3-BF4B-00C04F79EFBC}") = "JobsRunner", "..\..\src\Jobs\JobsRunner\JobsRunner.csproj", "{062C2F38-D571-459A-9E67-43C9B074EB9C}"
EndProject
Project("{FAE04EC0-301F-11D3-BF4B-00C04F79EFBC}") = "SimulateLTL", "..\..\src\Jobs\SimulateLTL\SimulateLTL.csproj", "{E7535067-7B3D-4E8F-81B9-62E23550B535}"
EndProject
Project("{FAE04EC0-301F-11D3-BF4B-00C04F79EFBC}") = "Simulate", "..\..\src\Jobs\Simulate\Simulate.csproj", "{90FF5549-6138-4653-89C7-5A0DFB9034CF}"
EndProject
Project("{FAE04EC0-301F-11D3-BF4B-00C04F79EFBC}") = "BmaBioCheckAnalyzer", "..\..\src\BmaBioCheckAnalyzer\BmaBioCheckAnalyzer.csproj", "{573C06C3-AB0D-4DB5-A2E2-53A40E1BBA57}"
EndProject
Project("{FAE04EC0-301F-11D3-BF4B-00C04F79EFBC}") = "Analyze", "..\..\src\Jobs\Analyze\Analyze.csproj", "{DFFB825C-8482-4CC2-BF67-0B787A9F5E1E}"
EndProject
Project("{FAE04EC0-301F-11D3-BF4B-00C04F79EFBC}") = "FurtherTesting", "..\..\src\Jobs\FurtherTesting\FurtherTesting.csproj", "{31CD1208-F215-40CE-80B9-0093E1B1494B}"
EndProject
Project("{F2A71F9B-5D33-465A-A702-920D77279786}") = "Z3test", "..\..\src\Z3test\Z3test.fsproj", "{EC307E54-FF3D-4BEA-8C4F-891E104BFD06}"
EndProject
Project("{2150E333-8FDC-42A3-9474-1A3956D46DE8}") = "Tests", "Tests", "{DF100BA7-1644-4800-BFFE-EC03AC013C20}"
EndProject
Project("{F2A71F9B-5D33-465A-A702-920D77279786}") = "FairShareWorker", "..\..\src\FairShareWorker\FairShareWorker.fsproj", "{47E591BB-EB9E-41B0-A488-F271177D2616}"
EndProject
Project("{FAE04EC0-301F-11D3-BF4B-00C04F79EFBC}") = "LTLCheckRole", "..\..\src\LTLCheckRole\LTLCheckRole.csproj", "{CA56A7DA-A2FF-45A7-9BBD-B3594EE090DB}"
EndProject
Project("{CC5FD16D-436D-48AD-A40C-5A424C6E3E79}") = "ApiService", "..\..\src\ApiService\ApiService.ccproj", "{B955AFFF-9F2E-49E2-8E0F-11115A744A80}"
EndProject
Global
	GlobalSection(SolutionConfigurationPlatforms) = preSolution
		Debug|Any CPU = Debug|Any CPU
		Debug|x64 = Debug|x64
		nuget|Any CPU = nuget|Any CPU
		nuget|x64 = nuget|x64
		Release|Any CPU = Release|Any CPU
		Release|x64 = Release|x64
	EndGlobalSection
	GlobalSection(ProjectConfigurationPlatforms) = postSolution
		{A314F5C8-D91B-4AC0-A9CE-22BD7696DBFF}.Debug|Any CPU.ActiveCfg = Debug|Any CPU
		{A314F5C8-D91B-4AC0-A9CE-22BD7696DBFF}.Debug|Any CPU.Build.0 = Debug|Any CPU
		{A314F5C8-D91B-4AC0-A9CE-22BD7696DBFF}.Debug|x64.ActiveCfg = Debug|x64
		{A314F5C8-D91B-4AC0-A9CE-22BD7696DBFF}.Debug|x64.Build.0 = Debug|x64
		{A314F5C8-D91B-4AC0-A9CE-22BD7696DBFF}.nuget|Any CPU.ActiveCfg = Release|Any CPU
		{A314F5C8-D91B-4AC0-A9CE-22BD7696DBFF}.nuget|Any CPU.Build.0 = Release|Any CPU
		{A314F5C8-D91B-4AC0-A9CE-22BD7696DBFF}.nuget|x64.ActiveCfg = Release|Any CPU
		{A314F5C8-D91B-4AC0-A9CE-22BD7696DBFF}.Release|Any CPU.ActiveCfg = Release|Any CPU
		{A314F5C8-D91B-4AC0-A9CE-22BD7696DBFF}.Release|Any CPU.Build.0 = Release|Any CPU
		{A314F5C8-D91B-4AC0-A9CE-22BD7696DBFF}.Release|x64.ActiveCfg = Release|x64
		{A314F5C8-D91B-4AC0-A9CE-22BD7696DBFF}.Release|x64.Build.0 = Release|x64
		{61E37D4E-172B-45DD-9289-5C874A8320F0}.Debug|Any CPU.ActiveCfg = Debug|Any CPU
		{61E37D4E-172B-45DD-9289-5C874A8320F0}.Debug|Any CPU.Build.0 = Debug|Any CPU
		{61E37D4E-172B-45DD-9289-5C874A8320F0}.Debug|x64.ActiveCfg = Debug|x64
		{61E37D4E-172B-45DD-9289-5C874A8320F0}.Debug|x64.Build.0 = Debug|x64
		{61E37D4E-172B-45DD-9289-5C874A8320F0}.nuget|Any CPU.ActiveCfg = Release|Any CPU
		{61E37D4E-172B-45DD-9289-5C874A8320F0}.nuget|Any CPU.Build.0 = Release|Any CPU
		{61E37D4E-172B-45DD-9289-5C874A8320F0}.nuget|x64.ActiveCfg = Release|x64
		{61E37D4E-172B-45DD-9289-5C874A8320F0}.nuget|x64.Build.0 = Release|x64
		{61E37D4E-172B-45DD-9289-5C874A8320F0}.Release|Any CPU.ActiveCfg = Release|Any CPU
		{61E37D4E-172B-45DD-9289-5C874A8320F0}.Release|Any CPU.Build.0 = Release|Any CPU
		{61E37D4E-172B-45DD-9289-5C874A8320F0}.Release|x64.ActiveCfg = Release|x64
		{61E37D4E-172B-45DD-9289-5C874A8320F0}.Release|x64.Build.0 = Release|x64
		{501423C3-8EA5-4E54-8D9C-EF60272B57FA}.Debug|Any CPU.ActiveCfg = Debug|Any CPU
		{501423C3-8EA5-4E54-8D9C-EF60272B57FA}.Debug|Any CPU.Build.0 = Debug|Any CPU
		{501423C3-8EA5-4E54-8D9C-EF60272B57FA}.Debug|x64.ActiveCfg = Debug|x64
		{501423C3-8EA5-4E54-8D9C-EF60272B57FA}.Debug|x64.Build.0 = Debug|x64
		{501423C3-8EA5-4E54-8D9C-EF60272B57FA}.nuget|Any CPU.ActiveCfg = nuget|Any CPU
		{501423C3-8EA5-4E54-8D9C-EF60272B57FA}.nuget|Any CPU.Build.0 = nuget|Any CPU
		{501423C3-8EA5-4E54-8D9C-EF60272B57FA}.nuget|x64.ActiveCfg = nuget|x64
		{501423C3-8EA5-4E54-8D9C-EF60272B57FA}.nuget|x64.Build.0 = nuget|x64
		{501423C3-8EA5-4E54-8D9C-EF60272B57FA}.Release|Any CPU.ActiveCfg = Release|Any CPU
		{501423C3-8EA5-4E54-8D9C-EF60272B57FA}.Release|Any CPU.Build.0 = Release|Any CPU
		{501423C3-8EA5-4E54-8D9C-EF60272B57FA}.Release|x64.ActiveCfg = Release|x64
		{501423C3-8EA5-4E54-8D9C-EF60272B57FA}.Release|x64.Build.0 = Release|x64
		{8EA340D3-E9E0-477E-9AC3-FBFDF3BAD41E}.Debug|Any CPU.ActiveCfg = Debug|Any CPU
		{8EA340D3-E9E0-477E-9AC3-FBFDF3BAD41E}.Debug|Any CPU.Build.0 = Debug|Any CPU
		{8EA340D3-E9E0-477E-9AC3-FBFDF3BAD41E}.Debug|x64.ActiveCfg = Debug|x64
		{8EA340D3-E9E0-477E-9AC3-FBFDF3BAD41E}.Debug|x64.Build.0 = Debug|x64
		{8EA340D3-E9E0-477E-9AC3-FBFDF3BAD41E}.nuget|Any CPU.ActiveCfg = nuget|Any CPU
		{8EA340D3-E9E0-477E-9AC3-FBFDF3BAD41E}.nuget|Any CPU.Build.0 = nuget|Any CPU
		{8EA340D3-E9E0-477E-9AC3-FBFDF3BAD41E}.nuget|x64.ActiveCfg = nuget|x64
		{8EA340D3-E9E0-477E-9AC3-FBFDF3BAD41E}.nuget|x64.Build.0 = nuget|x64
		{8EA340D3-E9E0-477E-9AC3-FBFDF3BAD41E}.Release|Any CPU.ActiveCfg = Release|Any CPU
		{8EA340D3-E9E0-477E-9AC3-FBFDF3BAD41E}.Release|Any CPU.Build.0 = Release|Any CPU
		{8EA340D3-E9E0-477E-9AC3-FBFDF3BAD41E}.Release|x64.ActiveCfg = Release|x64
		{8EA340D3-E9E0-477E-9AC3-FBFDF3BAD41E}.Release|x64.Build.0 = Release|x64
		{C6745675-EA9F-41F3-BFFC-2C3810585B36}.Debug|Any CPU.ActiveCfg = Debug|Any CPU
		{C6745675-EA9F-41F3-BFFC-2C3810585B36}.Debug|Any CPU.Build.0 = Debug|Any CPU
		{C6745675-EA9F-41F3-BFFC-2C3810585B36}.Debug|x64.ActiveCfg = Debug|x64
		{C6745675-EA9F-41F3-BFFC-2C3810585B36}.Debug|x64.Build.0 = Debug|x64
		{C6745675-EA9F-41F3-BFFC-2C3810585B36}.nuget|Any CPU.ActiveCfg = Release|Any CPU
		{C6745675-EA9F-41F3-BFFC-2C3810585B36}.nuget|Any CPU.Build.0 = Release|Any CPU
		{C6745675-EA9F-41F3-BFFC-2C3810585B36}.nuget|x64.ActiveCfg = Release|x64
		{C6745675-EA9F-41F3-BFFC-2C3810585B36}.nuget|x64.Build.0 = Release|x64
		{C6745675-EA9F-41F3-BFFC-2C3810585B36}.Release|Any CPU.ActiveCfg = Release|Any CPU
		{C6745675-EA9F-41F3-BFFC-2C3810585B36}.Release|Any CPU.Build.0 = Release|Any CPU
		{C6745675-EA9F-41F3-BFFC-2C3810585B36}.Release|x64.ActiveCfg = Release|x64
		{C6745675-EA9F-41F3-BFFC-2C3810585B36}.Release|x64.Build.0 = Release|x64
		{5BB237C7-EDA2-4558-883E-A50CE6C096E6}.Debug|Any CPU.ActiveCfg = Debug|Any CPU
		{5BB237C7-EDA2-4558-883E-A50CE6C096E6}.Debug|Any CPU.Build.0 = Debug|Any CPU
		{5BB237C7-EDA2-4558-883E-A50CE6C096E6}.Debug|x64.ActiveCfg = Debug|x64
		{5BB237C7-EDA2-4558-883E-A50CE6C096E6}.Debug|x64.Build.0 = Debug|x64
		{5BB237C7-EDA2-4558-883E-A50CE6C096E6}.nuget|Any CPU.ActiveCfg = Release|Any CPU
		{5BB237C7-EDA2-4558-883E-A50CE6C096E6}.nuget|Any CPU.Build.0 = Release|Any CPU
		{5BB237C7-EDA2-4558-883E-A50CE6C096E6}.nuget|x64.ActiveCfg = Release|x64
		{5BB237C7-EDA2-4558-883E-A50CE6C096E6}.nuget|x64.Build.0 = Release|x64
		{5BB237C7-EDA2-4558-883E-A50CE6C096E6}.Release|Any CPU.ActiveCfg = Release|Any CPU
		{5BB237C7-EDA2-4558-883E-A50CE6C096E6}.Release|Any CPU.Build.0 = Release|Any CPU
		{5BB237C7-EDA2-4558-883E-A50CE6C096E6}.Release|x64.ActiveCfg = Release|x64
		{5BB237C7-EDA2-4558-883E-A50CE6C096E6}.Release|x64.Build.0 = Release|x64
		{6652FDAB-C878-4661-BAAD-664CF8327467}.Debug|Any CPU.ActiveCfg = Debug|Any CPU
		{6652FDAB-C878-4661-BAAD-664CF8327467}.Debug|Any CPU.Build.0 = Debug|Any CPU
		{6652FDAB-C878-4661-BAAD-664CF8327467}.Debug|x64.ActiveCfg = Debug|x64
		{6652FDAB-C878-4661-BAAD-664CF8327467}.Debug|x64.Build.0 = Debug|x64
		{6652FDAB-C878-4661-BAAD-664CF8327467}.nuget|Any CPU.ActiveCfg = Release|Any CPU
		{6652FDAB-C878-4661-BAAD-664CF8327467}.nuget|Any CPU.Build.0 = Release|Any CPU
		{6652FDAB-C878-4661-BAAD-664CF8327467}.nuget|x64.ActiveCfg = Release|x64
		{6652FDAB-C878-4661-BAAD-664CF8327467}.nuget|x64.Build.0 = Release|x64
		{6652FDAB-C878-4661-BAAD-664CF8327467}.Release|Any CPU.ActiveCfg = Release|Any CPU
		{6652FDAB-C878-4661-BAAD-664CF8327467}.Release|Any CPU.Build.0 = Release|Any CPU
		{6652FDAB-C878-4661-BAAD-664CF8327467}.Release|x64.ActiveCfg = Release|x64
		{6652FDAB-C878-4661-BAAD-664CF8327467}.Release|x64.Build.0 = Release|x64
		{27FCEE47-CED8-4629-9989-7E9A490B090E}.Debug|Any CPU.ActiveCfg = Debug|Any CPU
		{27FCEE47-CED8-4629-9989-7E9A490B090E}.Debug|Any CPU.Build.0 = Debug|Any CPU
		{27FCEE47-CED8-4629-9989-7E9A490B090E}.Debug|x64.ActiveCfg = Debug|x64
		{27FCEE47-CED8-4629-9989-7E9A490B090E}.Debug|x64.Build.0 = Debug|x64
		{27FCEE47-CED8-4629-9989-7E9A490B090E}.nuget|Any CPU.ActiveCfg = Release|Any CPU
		{27FCEE47-CED8-4629-9989-7E9A490B090E}.nuget|Any CPU.Build.0 = Release|Any CPU
		{27FCEE47-CED8-4629-9989-7E9A490B090E}.nuget|x64.ActiveCfg = Release|x64
		{27FCEE47-CED8-4629-9989-7E9A490B090E}.nuget|x64.Build.0 = Release|x64
		{27FCEE47-CED8-4629-9989-7E9A490B090E}.Release|Any CPU.ActiveCfg = Release|Any CPU
		{27FCEE47-CED8-4629-9989-7E9A490B090E}.Release|Any CPU.Build.0 = Release|Any CPU
		{27FCEE47-CED8-4629-9989-7E9A490B090E}.Release|x64.ActiveCfg = Release|x64
		{27FCEE47-CED8-4629-9989-7E9A490B090E}.Release|x64.Build.0 = Release|x64
		{68A7F32F-0860-4688-8C82-C55196461E48}.Debug|Any CPU.ActiveCfg = Debug|Any CPU
		{68A7F32F-0860-4688-8C82-C55196461E48}.Debug|Any CPU.Build.0 = Debug|Any CPU
		{68A7F32F-0860-4688-8C82-C55196461E48}.Debug|x64.ActiveCfg = Debug|Any CPU
		{68A7F32F-0860-4688-8C82-C55196461E48}.Debug|x64.Build.0 = Debug|Any CPU
		{68A7F32F-0860-4688-8C82-C55196461E48}.nuget|Any CPU.ActiveCfg = Debug|Any CPU
		{68A7F32F-0860-4688-8C82-C55196461E48}.nuget|Any CPU.Build.0 = Debug|Any CPU
		{68A7F32F-0860-4688-8C82-C55196461E48}.nuget|x64.ActiveCfg = Debug|Any CPU
		{68A7F32F-0860-4688-8C82-C55196461E48}.nuget|x64.Build.0 = Debug|Any CPU
		{68A7F32F-0860-4688-8C82-C55196461E48}.Release|Any CPU.ActiveCfg = Release|Any CPU
		{68A7F32F-0860-4688-8C82-C55196461E48}.Release|Any CPU.Build.0 = Release|Any CPU
		{68A7F32F-0860-4688-8C82-C55196461E48}.Release|x64.ActiveCfg = Release|Any CPU
		{68A7F32F-0860-4688-8C82-C55196461E48}.Release|x64.Build.0 = Release|Any CPU
		{8F8EE772-02FA-4623-B407-006FB7B9A314}.Debug|Any CPU.ActiveCfg = Debug|Any CPU
		{8F8EE772-02FA-4623-B407-006FB7B9A314}.Debug|Any CPU.Build.0 = Debug|Any CPU
		{8F8EE772-02FA-4623-B407-006FB7B9A314}.Debug|x64.ActiveCfg = Debug|x64
		{8F8EE772-02FA-4623-B407-006FB7B9A314}.Debug|x64.Build.0 = Debug|x64
		{8F8EE772-02FA-4623-B407-006FB7B9A314}.nuget|Any CPU.ActiveCfg = Release|Any CPU
		{8F8EE772-02FA-4623-B407-006FB7B9A314}.nuget|Any CPU.Build.0 = Release|Any CPU
		{8F8EE772-02FA-4623-B407-006FB7B9A314}.nuget|x64.ActiveCfg = Release|Any CPU
		{8F8EE772-02FA-4623-B407-006FB7B9A314}.Release|Any CPU.ActiveCfg = Release|Any CPU
		{8F8EE772-02FA-4623-B407-006FB7B9A314}.Release|Any CPU.Build.0 = Release|Any CPU
		{8F8EE772-02FA-4623-B407-006FB7B9A314}.Release|x64.ActiveCfg = Release|x64
		{8F8EE772-02FA-4623-B407-006FB7B9A314}.Release|x64.Build.0 = Release|x64
		{850DF26E-27B2-4766-99DE-B815616C0D90}.Debug|Any CPU.ActiveCfg = Debug|Any CPU
		{850DF26E-27B2-4766-99DE-B815616C0D90}.Debug|Any CPU.Build.0 = Debug|Any CPU
		{850DF26E-27B2-4766-99DE-B815616C0D90}.Debug|x64.ActiveCfg = Debug|Any CPU
		{850DF26E-27B2-4766-99DE-B815616C0D90}.Debug|x64.Build.0 = Debug|Any CPU
		{850DF26E-27B2-4766-99DE-B815616C0D90}.nuget|Any CPU.ActiveCfg = Release|Any CPU
		{850DF26E-27B2-4766-99DE-B815616C0D90}.nuget|Any CPU.Build.0 = Release|Any CPU
		{850DF26E-27B2-4766-99DE-B815616C0D90}.nuget|x64.ActiveCfg = Release|Any CPU
		{850DF26E-27B2-4766-99DE-B815616C0D90}.nuget|x64.Build.0 = Release|Any CPU
		{850DF26E-27B2-4766-99DE-B815616C0D90}.Release|Any CPU.ActiveCfg = Release|Any CPU
		{850DF26E-27B2-4766-99DE-B815616C0D90}.Release|Any CPU.Build.0 = Release|Any CPU
		{850DF26E-27B2-4766-99DE-B815616C0D90}.Release|x64.ActiveCfg = Release|Any CPU
		{850DF26E-27B2-4766-99DE-B815616C0D90}.Release|x64.Build.0 = Release|Any CPU
		{A66E4EE3-5D4E-4889-90EC-36317A4DE882}.Debug|Any CPU.ActiveCfg = Debug|Any CPU
		{A66E4EE3-5D4E-4889-90EC-36317A4DE882}.Debug|Any CPU.Build.0 = Debug|Any CPU
		{A66E4EE3-5D4E-4889-90EC-36317A4DE882}.Debug|x64.ActiveCfg = Debug|Any CPU
		{A66E4EE3-5D4E-4889-90EC-36317A4DE882}.Debug|x64.Build.0 = Debug|Any CPU
		{A66E4EE3-5D4E-4889-90EC-36317A4DE882}.nuget|Any CPU.ActiveCfg = Release|Any CPU
		{A66E4EE3-5D4E-4889-90EC-36317A4DE882}.nuget|Any CPU.Build.0 = Release|Any CPU
		{A66E4EE3-5D4E-4889-90EC-36317A4DE882}.nuget|x64.ActiveCfg = Release|Any CPU
		{A66E4EE3-5D4E-4889-90EC-36317A4DE882}.nuget|x64.Build.0 = Release|Any CPU
		{A66E4EE3-5D4E-4889-90EC-36317A4DE882}.Release|Any CPU.ActiveCfg = Release|Any CPU
		{A66E4EE3-5D4E-4889-90EC-36317A4DE882}.Release|Any CPU.Build.0 = Release|Any CPU
		{A66E4EE3-5D4E-4889-90EC-36317A4DE882}.Release|x64.ActiveCfg = Release|Any CPU
		{A66E4EE3-5D4E-4889-90EC-36317A4DE882}.Release|x64.Build.0 = Release|Any CPU
		{DF15D215-F176-428F-8E7B-52C47AEDA7D7}.Debug|Any CPU.ActiveCfg = Debug|Any CPU
		{DF15D215-F176-428F-8E7B-52C47AEDA7D7}.Debug|Any CPU.Build.0 = Debug|Any CPU
		{DF15D215-F176-428F-8E7B-52C47AEDA7D7}.Debug|x64.ActiveCfg = Debug|x64
		{DF15D215-F176-428F-8E7B-52C47AEDA7D7}.Debug|x64.Build.0 = Debug|x64
		{DF15D215-F176-428F-8E7B-52C47AEDA7D7}.nuget|Any CPU.ActiveCfg = Release|Any CPU
		{DF15D215-F176-428F-8E7B-52C47AEDA7D7}.nuget|Any CPU.Build.0 = Release|Any CPU
		{DF15D215-F176-428F-8E7B-52C47AEDA7D7}.nuget|x64.ActiveCfg = Release|Any CPU
		{DF15D215-F176-428F-8E7B-52C47AEDA7D7}.nuget|x64.Build.0 = Release|Any CPU
		{DF15D215-F176-428F-8E7B-52C47AEDA7D7}.Release|Any CPU.ActiveCfg = Release|Any CPU
		{DF15D215-F176-428F-8E7B-52C47AEDA7D7}.Release|Any CPU.Build.0 = Release|Any CPU
		{DF15D215-F176-428F-8E7B-52C47AEDA7D7}.Release|x64.ActiveCfg = Release|x64
		{DF15D215-F176-428F-8E7B-52C47AEDA7D7}.Release|x64.Build.0 = Release|x64
		{F27A4A37-7FDE-473E-AC6A-DCB38451BBF4}.Debug|Any CPU.ActiveCfg = Debug|Any CPU
		{F27A4A37-7FDE-473E-AC6A-DCB38451BBF4}.Debug|Any CPU.Build.0 = Debug|Any CPU
		{F27A4A37-7FDE-473E-AC6A-DCB38451BBF4}.Debug|x64.ActiveCfg = Debug|x64
		{F27A4A37-7FDE-473E-AC6A-DCB38451BBF4}.Debug|x64.Build.0 = Debug|x64
		{F27A4A37-7FDE-473E-AC6A-DCB38451BBF4}.nuget|Any CPU.ActiveCfg = Release|Any CPU
		{F27A4A37-7FDE-473E-AC6A-DCB38451BBF4}.nuget|Any CPU.Build.0 = Release|Any CPU
		{F27A4A37-7FDE-473E-AC6A-DCB38451BBF4}.nuget|x64.ActiveCfg = Release|Any CPU
		{F27A4A37-7FDE-473E-AC6A-DCB38451BBF4}.nuget|x64.Build.0 = Release|Any CPU
		{F27A4A37-7FDE-473E-AC6A-DCB38451BBF4}.Release|Any CPU.ActiveCfg = Release|Any CPU
		{F27A4A37-7FDE-473E-AC6A-DCB38451BBF4}.Release|Any CPU.Build.0 = Release|Any CPU
		{F27A4A37-7FDE-473E-AC6A-DCB38451BBF4}.Release|x64.ActiveCfg = Release|x64
		{F27A4A37-7FDE-473E-AC6A-DCB38451BBF4}.Release|x64.Build.0 = Release|x64
		{062C2F38-D571-459A-9E67-43C9B074EB9C}.Debug|Any CPU.ActiveCfg = Debug|Any CPU
		{062C2F38-D571-459A-9E67-43C9B074EB9C}.Debug|Any CPU.Build.0 = Debug|Any CPU
		{062C2F38-D571-459A-9E67-43C9B074EB9C}.Debug|x64.ActiveCfg = Debug|Any CPU
		{062C2F38-D571-459A-9E67-43C9B074EB9C}.Debug|x64.Build.0 = Debug|Any CPU
		{062C2F38-D571-459A-9E67-43C9B074EB9C}.nuget|Any CPU.ActiveCfg = Release|Any CPU
		{062C2F38-D571-459A-9E67-43C9B074EB9C}.nuget|Any CPU.Build.0 = Release|Any CPU
		{062C2F38-D571-459A-9E67-43C9B074EB9C}.nuget|x64.ActiveCfg = Release|Any CPU
		{062C2F38-D571-459A-9E67-43C9B074EB9C}.nuget|x64.Build.0 = Release|Any CPU
		{062C2F38-D571-459A-9E67-43C9B074EB9C}.Release|Any CPU.ActiveCfg = Release|Any CPU
		{062C2F38-D571-459A-9E67-43C9B074EB9C}.Release|Any CPU.Build.0 = Release|Any CPU
		{062C2F38-D571-459A-9E67-43C9B074EB9C}.Release|x64.ActiveCfg = Release|Any CPU
		{062C2F38-D571-459A-9E67-43C9B074EB9C}.Release|x64.Build.0 = Release|Any CPU
		{E7535067-7B3D-4E8F-81B9-62E23550B535}.Debug|Any CPU.ActiveCfg = Debug|Any CPU
		{E7535067-7B3D-4E8F-81B9-62E23550B535}.Debug|Any CPU.Build.0 = Debug|Any CPU
		{E7535067-7B3D-4E8F-81B9-62E23550B535}.Debug|x64.ActiveCfg = Debug|x64
		{E7535067-7B3D-4E8F-81B9-62E23550B535}.Debug|x64.Build.0 = Debug|x64
		{E7535067-7B3D-4E8F-81B9-62E23550B535}.nuget|Any CPU.ActiveCfg = Release|Any CPU
		{E7535067-7B3D-4E8F-81B9-62E23550B535}.nuget|Any CPU.Build.0 = Release|Any CPU
		{E7535067-7B3D-4E8F-81B9-62E23550B535}.nuget|x64.ActiveCfg = Release|Any CPU
		{E7535067-7B3D-4E8F-81B9-62E23550B535}.nuget|x64.Build.0 = Release|Any CPU
		{E7535067-7B3D-4E8F-81B9-62E23550B535}.Release|Any CPU.ActiveCfg = Release|Any CPU
		{E7535067-7B3D-4E8F-81B9-62E23550B535}.Release|Any CPU.Build.0 = Release|Any CPU
		{E7535067-7B3D-4E8F-81B9-62E23550B535}.Release|x64.ActiveCfg = Release|x64
		{E7535067-7B3D-4E8F-81B9-62E23550B535}.Release|x64.Build.0 = Release|x64
		{90FF5549-6138-4653-89C7-5A0DFB9034CF}.Debug|Any CPU.ActiveCfg = Debug|Any CPU
		{90FF5549-6138-4653-89C7-5A0DFB9034CF}.Debug|Any CPU.Build.0 = Debug|Any CPU
		{90FF5549-6138-4653-89C7-5A0DFB9034CF}.Debug|x64.ActiveCfg = Debug|x64
		{90FF5549-6138-4653-89C7-5A0DFB9034CF}.Debug|x64.Build.0 = Debug|x64
		{90FF5549-6138-4653-89C7-5A0DFB9034CF}.nuget|Any CPU.ActiveCfg = Release|Any CPU
		{90FF5549-6138-4653-89C7-5A0DFB9034CF}.nuget|Any CPU.Build.0 = Release|Any CPU
		{90FF5549-6138-4653-89C7-5A0DFB9034CF}.nuget|x64.ActiveCfg = Release|Any CPU
		{90FF5549-6138-4653-89C7-5A0DFB9034CF}.nuget|x64.Build.0 = Release|Any CPU
		{90FF5549-6138-4653-89C7-5A0DFB9034CF}.Release|Any CPU.ActiveCfg = Release|Any CPU
		{90FF5549-6138-4653-89C7-5A0DFB9034CF}.Release|Any CPU.Build.0 = Release|Any CPU
		{90FF5549-6138-4653-89C7-5A0DFB9034CF}.Release|x64.ActiveCfg = Release|x64
		{90FF5549-6138-4653-89C7-5A0DFB9034CF}.Release|x64.Build.0 = Release|x64
		{573C06C3-AB0D-4DB5-A2E2-53A40E1BBA57}.Debug|Any CPU.ActiveCfg = Debug|Any CPU
		{573C06C3-AB0D-4DB5-A2E2-53A40E1BBA57}.Debug|Any CPU.Build.0 = Debug|Any CPU
		{573C06C3-AB0D-4DB5-A2E2-53A40E1BBA57}.Debug|x64.ActiveCfg = Debug|x64
		{573C06C3-AB0D-4DB5-A2E2-53A40E1BBA57}.Debug|x64.Build.0 = Debug|x64
		{573C06C3-AB0D-4DB5-A2E2-53A40E1BBA57}.nuget|Any CPU.ActiveCfg = Release|Any CPU
		{573C06C3-AB0D-4DB5-A2E2-53A40E1BBA57}.nuget|Any CPU.Build.0 = Release|Any CPU
		{573C06C3-AB0D-4DB5-A2E2-53A40E1BBA57}.nuget|x64.ActiveCfg = Release|Any CPU
		{573C06C3-AB0D-4DB5-A2E2-53A40E1BBA57}.nuget|x64.Build.0 = Release|Any CPU
		{573C06C3-AB0D-4DB5-A2E2-53A40E1BBA57}.Release|Any CPU.ActiveCfg = Release|Any CPU
		{573C06C3-AB0D-4DB5-A2E2-53A40E1BBA57}.Release|Any CPU.Build.0 = Release|Any CPU
		{573C06C3-AB0D-4DB5-A2E2-53A40E1BBA57}.Release|x64.ActiveCfg = Release|x64
		{573C06C3-AB0D-4DB5-A2E2-53A40E1BBA57}.Release|x64.Build.0 = Release|x64
		{DFFB825C-8482-4CC2-BF67-0B787A9F5E1E}.Debug|Any CPU.ActiveCfg = Debug|Any CPU
		{DFFB825C-8482-4CC2-BF67-0B787A9F5E1E}.Debug|Any CPU.Build.0 = Debug|Any CPU
		{DFFB825C-8482-4CC2-BF67-0B787A9F5E1E}.Debug|x64.ActiveCfg = Debug|x64
		{DFFB825C-8482-4CC2-BF67-0B787A9F5E1E}.Debug|x64.Build.0 = Debug|x64
		{DFFB825C-8482-4CC2-BF67-0B787A9F5E1E}.nuget|Any CPU.ActiveCfg = Release|Any CPU
		{DFFB825C-8482-4CC2-BF67-0B787A9F5E1E}.nuget|Any CPU.Build.0 = Release|Any CPU
		{DFFB825C-8482-4CC2-BF67-0B787A9F5E1E}.nuget|x64.ActiveCfg = Release|Any CPU
		{DFFB825C-8482-4CC2-BF67-0B787A9F5E1E}.nuget|x64.Build.0 = Release|Any CPU
		{DFFB825C-8482-4CC2-BF67-0B787A9F5E1E}.Release|Any CPU.ActiveCfg = Release|Any CPU
		{DFFB825C-8482-4CC2-BF67-0B787A9F5E1E}.Release|Any CPU.Build.0 = Release|Any CPU
		{DFFB825C-8482-4CC2-BF67-0B787A9F5E1E}.Release|x64.ActiveCfg = Release|x64
		{DFFB825C-8482-4CC2-BF67-0B787A9F5E1E}.Release|x64.Build.0 = Release|x64
		{31CD1208-F215-40CE-80B9-0093E1B1494B}.Debug|Any CPU.ActiveCfg = Debug|Any CPU
		{31CD1208-F215-40CE-80B9-0093E1B1494B}.Debug|Any CPU.Build.0 = Debug|Any CPU
		{31CD1208-F215-40CE-80B9-0093E1B1494B}.Debug|x64.ActiveCfg = Debug|x64
		{31CD1208-F215-40CE-80B9-0093E1B1494B}.Debug|x64.Build.0 = Debug|x64
		{31CD1208-F215-40CE-80B9-0093E1B1494B}.nuget|Any CPU.ActiveCfg = Release|Any CPU
		{31CD1208-F215-40CE-80B9-0093E1B1494B}.nuget|Any CPU.Build.0 = Release|Any CPU
		{31CD1208-F215-40CE-80B9-0093E1B1494B}.nuget|x64.ActiveCfg = Release|x64
		{31CD1208-F215-40CE-80B9-0093E1B1494B}.nuget|x64.Build.0 = Release|x64
		{31CD1208-F215-40CE-80B9-0093E1B1494B}.Release|Any CPU.ActiveCfg = Release|Any CPU
		{31CD1208-F215-40CE-80B9-0093E1B1494B}.Release|Any CPU.Build.0 = Release|Any CPU
		{31CD1208-F215-40CE-80B9-0093E1B1494B}.Release|x64.ActiveCfg = Release|x64
		{31CD1208-F215-40CE-80B9-0093E1B1494B}.Release|x64.Build.0 = Release|x64
		{EC307E54-FF3D-4BEA-8C4F-891E104BFD06}.Debug|Any CPU.ActiveCfg = Debug|Any CPU
		{EC307E54-FF3D-4BEA-8C4F-891E104BFD06}.Debug|Any CPU.Build.0 = Debug|Any CPU
		{EC307E54-FF3D-4BEA-8C4F-891E104BFD06}.Debug|x64.ActiveCfg = Debug|x64
		{EC307E54-FF3D-4BEA-8C4F-891E104BFD06}.Debug|x64.Build.0 = Debug|x64
		{EC307E54-FF3D-4BEA-8C4F-891E104BFD06}.nuget|Any CPU.ActiveCfg = Release|Any CPU
		{EC307E54-FF3D-4BEA-8C4F-891E104BFD06}.nuget|Any CPU.Build.0 = Release|Any CPU
		{EC307E54-FF3D-4BEA-8C4F-891E104BFD06}.nuget|x64.ActiveCfg = Release|Any CPU
		{EC307E54-FF3D-4BEA-8C4F-891E104BFD06}.nuget|x64.Build.0 = Release|Any CPU
		{EC307E54-FF3D-4BEA-8C4F-891E104BFD06}.Release|Any CPU.ActiveCfg = Release|Any CPU
		{EC307E54-FF3D-4BEA-8C4F-891E104BFD06}.Release|Any CPU.Build.0 = Release|Any CPU
		{EC307E54-FF3D-4BEA-8C4F-891E104BFD06}.Release|x64.ActiveCfg = Release|x64
		{EC307E54-FF3D-4BEA-8C4F-891E104BFD06}.Release|x64.Build.0 = Release|x64
		{47E591BB-EB9E-41B0-A488-F271177D2616}.Debug|Any CPU.ActiveCfg = Debug|Any CPU
		{47E591BB-EB9E-41B0-A488-F271177D2616}.Debug|Any CPU.Build.0 = Debug|Any CPU
		{47E591BB-EB9E-41B0-A488-F271177D2616}.Debug|x64.ActiveCfg = Debug|Any CPU
		{47E591BB-EB9E-41B0-A488-F271177D2616}.Debug|x64.Build.0 = Debug|Any CPU
		{47E591BB-EB9E-41B0-A488-F271177D2616}.nuget|Any CPU.ActiveCfg = Release|Any CPU
		{47E591BB-EB9E-41B0-A488-F271177D2616}.nuget|Any CPU.Build.0 = Release|Any CPU
		{47E591BB-EB9E-41B0-A488-F271177D2616}.nuget|x64.ActiveCfg = Release|Any CPU
		{47E591BB-EB9E-41B0-A488-F271177D2616}.nuget|x64.Build.0 = Release|Any CPU
		{47E591BB-EB9E-41B0-A488-F271177D2616}.Release|Any CPU.ActiveCfg = Release|Any CPU
		{47E591BB-EB9E-41B0-A488-F271177D2616}.Release|Any CPU.Build.0 = Release|Any CPU
		{47E591BB-EB9E-41B0-A488-F271177D2616}.Release|x64.ActiveCfg = Release|Any CPU
		{47E591BB-EB9E-41B0-A488-F271177D2616}.Release|x64.Build.0 = Release|Any CPU
		{CA56A7DA-A2FF-45A7-9BBD-B3594EE090DB}.Debug|Any CPU.ActiveCfg = Debug|Any CPU
		{CA56A7DA-A2FF-45A7-9BBD-B3594EE090DB}.Debug|Any CPU.Build.0 = Debug|Any CPU
		{CA56A7DA-A2FF-45A7-9BBD-B3594EE090DB}.Debug|x64.ActiveCfg = Debug|Any CPU
		{CA56A7DA-A2FF-45A7-9BBD-B3594EE090DB}.Debug|x64.Build.0 = Debug|Any CPU
		{CA56A7DA-A2FF-45A7-9BBD-B3594EE090DB}.nuget|Any CPU.ActiveCfg = Release|Any CPU
		{CA56A7DA-A2FF-45A7-9BBD-B3594EE090DB}.nuget|Any CPU.Build.0 = Release|Any CPU
		{CA56A7DA-A2FF-45A7-9BBD-B3594EE090DB}.nuget|x64.ActiveCfg = Release|Any CPU
		{CA56A7DA-A2FF-45A7-9BBD-B3594EE090DB}.nuget|x64.Build.0 = Release|Any CPU
		{CA56A7DA-A2FF-45A7-9BBD-B3594EE090DB}.Release|Any CPU.ActiveCfg = Release|Any CPU
		{CA56A7DA-A2FF-45A7-9BBD-B3594EE090DB}.Release|Any CPU.Build.0 = Release|Any CPU
		{CA56A7DA-A2FF-45A7-9BBD-B3594EE090DB}.Release|x64.ActiveCfg = Release|Any CPU
		{CA56A7DA-A2FF-45A7-9BBD-B3594EE090DB}.Release|x64.Build.0 = Release|Any CPU
		{B955AFFF-9F2E-49E2-8E0F-11115A744A80}.Debug|Any CPU.ActiveCfg = Debug|Any CPU
		{B955AFFF-9F2E-49E2-8E0F-11115A744A80}.Debug|Any CPU.Build.0 = Debug|Any CPU
		{B955AFFF-9F2E-49E2-8E0F-11115A744A80}.Debug|x64.ActiveCfg = Debug|Any CPU
		{B955AFFF-9F2E-49E2-8E0F-11115A744A80}.Debug|x64.Build.0 = Debug|Any CPU
		{B955AFFF-9F2E-49E2-8E0F-11115A744A80}.nuget|Any CPU.ActiveCfg = Release|Any CPU
		{B955AFFF-9F2E-49E2-8E0F-11115A744A80}.nuget|Any CPU.Build.0 = Release|Any CPU
		{B955AFFF-9F2E-49E2-8E0F-11115A744A80}.nuget|x64.ActiveCfg = Release|Any CPU
		{B955AFFF-9F2E-49E2-8E0F-11115A744A80}.nuget|x64.Build.0 = Release|Any CPU
		{B955AFFF-9F2E-49E2-8E0F-11115A744A80}.Release|Any CPU.ActiveCfg = Release|Any CPU
		{B955AFFF-9F2E-49E2-8E0F-11115A744A80}.Release|Any CPU.Build.0 = Release|Any CPU
		{B955AFFF-9F2E-49E2-8E0F-11115A744A80}.Release|x64.ActiveCfg = Release|Any CPU
		{B955AFFF-9F2E-49E2-8E0F-11115A744A80}.Release|x64.Build.0 = Release|Any CPU
	EndGlobalSection
	GlobalSection(SolutionProperties) = preSolution
		HideSolutionNode = FALSE
	EndGlobalSection
	GlobalSection(NestedProjects) = preSolution
		{61E37D4E-172B-45DD-9289-5C874A8320F0} = {491D2994-4833-439D-8426-B0AA75EE0F08}
		{501423C3-8EA5-4E54-8D9C-EF60272B57FA} = {491D2994-4833-439D-8426-B0AA75EE0F08}
		{8EA340D3-E9E0-477E-9AC3-FBFDF3BAD41E} = {491D2994-4833-439D-8426-B0AA75EE0F08}
		{C6745675-EA9F-41F3-BFFC-2C3810585B36} = {491D2994-4833-439D-8426-B0AA75EE0F08}
		{5BB237C7-EDA2-4558-883E-A50CE6C096E6} = {DF100BA7-1644-4800-BFFE-EC03AC013C20}
		{27FCEE47-CED8-4629-9989-7E9A490B090E} = {491D2994-4833-439D-8426-B0AA75EE0F08}
		{850DF26E-27B2-4766-99DE-B815616C0D90} = {3A75A43A-30CB-4D92-89EB-7DA995979C52}
		{A66E4EE3-5D4E-4889-90EC-36317A4DE882} = {3A75A43A-30CB-4D92-89EB-7DA995979C52}
		{DF15D215-F176-428F-8E7B-52C47AEDA7D7} = {DF100BA7-1644-4800-BFFE-EC03AC013C20}
		{F27A4A37-7FDE-473E-AC6A-DCB38451BBF4} = {9C3EDDD9-AFD3-4C20-9BDD-0389E6387231}
		{062C2F38-D571-459A-9E67-43C9B074EB9C} = {9C3EDDD9-AFD3-4C20-9BDD-0389E6387231}
		{E7535067-7B3D-4E8F-81B9-62E23550B535} = {9C3EDDD9-AFD3-4C20-9BDD-0389E6387231}
		{90FF5549-6138-4653-89C7-5A0DFB9034CF} = {9C3EDDD9-AFD3-4C20-9BDD-0389E6387231}
		{573C06C3-AB0D-4DB5-A2E2-53A40E1BBA57} = {491D2994-4833-439D-8426-B0AA75EE0F08}
		{DFFB825C-8482-4CC2-BF67-0B787A9F5E1E} = {9C3EDDD9-AFD3-4C20-9BDD-0389E6387231}
		{31CD1208-F215-40CE-80B9-0093E1B1494B} = {9C3EDDD9-AFD3-4C20-9BDD-0389E6387231}
		{EC307E54-FF3D-4BEA-8C4F-891E104BFD06} = {491D2994-4833-439D-8426-B0AA75EE0F08}
		{47E591BB-EB9E-41B0-A488-F271177D2616} = {3A75A43A-30CB-4D92-89EB-7DA995979C52}
	EndGlobalSection
EndGlobal
