
Microsoft Visual Studio Solution File, Format Version 12.00
# Visual Studio 2013
VisualStudioVersion = 12.0.31101.0
MinimumVisualStudioVersion = 10.0.40219.1
Project("{2150E333-8FDC-42A3-9474-1A3956D46DE8}") = ".paket", ".paket", "{4A6B2FF1-E6BC-45B9-A342-F87895EBD920}"
	ProjectSection(SolutionItems) = preProject
		..\..\paket.dependencies = ..\..\paket.dependencies
	EndProjectSection
EndProject
Project("{F2A71F9B-5D33-465A-A702-920D77279786}") = "ClientStat", "..\..\src\ClientStat\ClientStat.fsproj", "{4BA4A252-540C-4ED3-B92E-1CAF9F0D3CE2}"
EndProject
Global
	GlobalSection(SolutionConfigurationPlatforms) = preSolution
		Debug|Any CPU = Debug|Any CPU
		Release|Any CPU = Release|Any CPU
	EndGlobalSection
	GlobalSection(ProjectConfigurationPlatforms) = postSolution
		{4BA4A252-540C-4ED3-B92E-1CAF9F0D3CE2}.Debug|Any CPU.ActiveCfg = Debug|Any CPU
		{4BA4A252-540C-4ED3-B92E-1CAF9F0D3CE2}.Debug|Any CPU.Build.0 = Debug|Any CPU
		{4BA4A252-540C-4ED3-B92E-1CAF9F0D3CE2}.Release|Any CPU.ActiveCfg = Release|Any CPU
		{4BA4A252-540C-4ED3-B92E-1CAF9F0D3CE2}.Release|Any CPU.Build.0 = Release|Any CPU
	EndGlobalSection
	GlobalSection(SolutionProperties) = preSolution
		HideSolutionNode = FALSE
	EndGlobalSection
EndGlobal
