
Microsoft Visual Studio Solution File, Format Version 12.00
# Visual Studio 2013
VisualStudioVersion = 12.0.31101.0
MinimumVisualStudioVersion = 10.0.40219.1
Project("{CC5FD16D-436D-48AD-A40C-5A424C6E3E79}") = "AzureCloudService", "AzureCloudService\AzureCloudService.ccproj", "{DF9326C9-DD03-44EA-BB3C-8EC1CC24FC1E}"
EndProject
Project("{FAE04EC0-301F-11D3-BF4B-00C04F79EFBC}") = "WebApi", "Controllers\WebApi.csproj", "{999B0792-BE6B-42B0-8458-3AD9ABBBB9ED}"
EndProject
Project("{FAE04EC0-301F-11D3-BF4B-00C04F79EFBC}") = "WebApp", "WebApp\WebApp.csproj", "{71EE96EE-035F-4BF3-87B7-ED9F772ECCC9}"
EndProject
Global
	GlobalSection(SolutionConfigurationPlatforms) = preSolution
		Debug|Any CPU = Debug|Any CPU
		Release|Any CPU = Release|Any CPU
	EndGlobalSection
	GlobalSection(ProjectConfigurationPlatforms) = postSolution
		{DF9326C9-DD03-44EA-BB3C-8EC1CC24FC1E}.Debug|Any CPU.ActiveCfg = Debug|Any CPU
		{DF9326C9-DD03-44EA-BB3C-8EC1CC24FC1E}.Debug|Any CPU.Build.0 = Debug|Any CPU
		{DF9326C9-DD03-44EA-BB3C-8EC1CC24FC1E}.Release|Any CPU.ActiveCfg = Release|Any CPU
		{DF9326C9-DD03-44EA-BB3C-8EC1CC24FC1E}.Release|Any CPU.Build.0 = Release|Any CPU
		{999B0792-BE6B-42B0-8458-3AD9ABBBB9ED}.Debug|Any CPU.ActiveCfg = Debug|Any CPU
		{999B0792-BE6B-42B0-8458-3AD9ABBBB9ED}.Debug|Any CPU.Build.0 = Debug|Any CPU
		{999B0792-BE6B-42B0-8458-3AD9ABBBB9ED}.Release|Any CPU.ActiveCfg = Release|Any CPU
		{999B0792-BE6B-42B0-8458-3AD9ABBBB9ED}.Release|Any CPU.Build.0 = Release|Any CPU
		{71EE96EE-035F-4BF3-87B7-ED9F772ECCC9}.Debug|Any CPU.ActiveCfg = Debug|Any CPU
		{71EE96EE-035F-4BF3-87B7-ED9F772ECCC9}.Debug|Any CPU.Build.0 = Debug|Any CPU
		{71EE96EE-035F-4BF3-87B7-ED9F772ECCC9}.Release|Any CPU.ActiveCfg = Release|Any CPU
		{71EE96EE-035F-4BF3-87B7-ED9F772ECCC9}.Release|Any CPU.Build.0 = Release|Any CPU
	EndGlobalSection
	GlobalSection(SolutionProperties) = preSolution
		HideSolutionNode = FALSE
	EndGlobalSection
EndGlobal
