
Microsoft Visual Studio Solution File, Format Version 12.00
# Visual Studio 2012
Project("{2150E333-8FDC-42A3-9474-1A3956D46DE8}") = ".paket", ".paket", "{74BBAEED-A435-48E6-BC85-D89A33E4FB4B}"
	ProjectSection(SolutionItems) = preProject
		..\..\paket.dependencies = ..\..\paket.dependencies
	EndProjectSection
EndProject
Project("{2150E333-8FDC-42A3-9474-1A3956D46DE8}") = "Analysis", "Analysis", "{B7FDAF4A-33B4-481B-A642-D262ECF4B19E}"
EndProject
Project("{2150E333-8FDC-42A3-9474-1A3956D46DE8}") = "Client", "Client", "{77E8AB25-6669-4F15-B222-F0B1DC6CA798}"
EndProject
Project("{2150E333-8FDC-42A3-9474-1A3956D46DE8}") = "Server", "Server", "{8F6C6014-BB96-4822-83CE-9635BBE44C87}"
EndProject
Project("{2150E333-8FDC-42A3-9474-1A3956D46DE8}") = "FParsec", "FParsec", "{E1AB4855-2F45-492B-90B3-C46AFA185252}"
EndProject
Project("{F2A71F9B-5D33-465A-A702-920D77279786}") = "BioCheckAnalyzer", "..\..\src\BioCheckAnalyzer\BioCheckAnalyzer.fsproj", "{2975B5B6-78DE-4C9C-9D0C-584864CA590A}"
EndProject
Project("{FAE04EC0-301F-11D3-BF4B-00C04F79EFBC}") = "BioCheckAnalyzerCommon", "..\..\src\BioCheckAnalyzerCommon\BioCheckAnalyzerCommon.csproj", "{61E37D4E-172B-45DD-9289-5C874A8320F0}"
EndProject
Project("{F2A71F9B-5D33-465A-A702-920D77279786}") = "UIExpr", "..\..\src\UIExpr\UIExpr.fsproj", "{C6745675-EA9F-41F3-BFFC-2C3810585B36}"
EndProject
Project("{FAE04EC0-301F-11D3-BF4B-00C04F79EFBC}") = "BioCheck.Client", "..\..\src\BioCheck.Client\BioCheck.Client.csproj", "{8FDDC20D-182F-435F-B7E6-09E52A7E087A}"
EndProject
Project("{FAE04EC0-301F-11D3-BF4B-00C04F79EFBC}") = "FParsecCS", "..\..\ext\FParsec\fparsec-main-c234349e7b73\Build\VS11\FParsecCS.csproj", "{501423C3-8EA5-4E54-8D9C-EF60272B57FA}"
EndProject
Project("{F2A71F9B-5D33-465A-A702-920D77279786}") = "FParsec", "..\..\ext\FParsec\fparsec-main-c234349e7b73\Build\VS11\FParsec.fsproj", "{8EA340D3-E9E0-477E-9AC3-FBFDF3BAD41E}"
EndProject
Project("{CC5FD16D-436D-48AD-A40C-5A424C6E3E79}") = "BioCheck.Cloud", "..\..\src\BioCheck.Cloud\BioCheck.Cloud.ccproj", "{3B692BE9-C757-41C5-B791-46C92798F839}"
EndProject
Project("{FAE04EC0-301F-11D3-BF4B-00C04F79EFBC}") = "BioCheck.Web", "..\..\src\BioCheck.Web\BioCheck.Web.csproj", "{23262198-F04C-422D-BC34-9E1C3112EC01}"
EndProject
Global
	GlobalSection(SolutionConfigurationPlatforms) = preSolution
		Debug|Any CPU = Debug|Any CPU
		Debug|Mixed Platforms = Debug|Mixed Platforms
		Debug|x86 = Debug|x86
		nuget|Any CPU = nuget|Any CPU
		nuget|Mixed Platforms = nuget|Mixed Platforms
		nuget|x86 = nuget|x86
		Release|Any CPU = Release|Any CPU
		Release|Mixed Platforms = Release|Mixed Platforms
		Release|x86 = Release|x86
	EndGlobalSection
	GlobalSection(ProjectConfigurationPlatforms) = postSolution
		{2975B5B6-78DE-4C9C-9D0C-584864CA590A}.Debug|Any CPU.ActiveCfg = Debug|Any CPU
		{2975B5B6-78DE-4C9C-9D0C-584864CA590A}.Debug|Any CPU.Build.0 = Debug|Any CPU
		{2975B5B6-78DE-4C9C-9D0C-584864CA590A}.Debug|Mixed Platforms.ActiveCfg = Debug|Any CPU
		{2975B5B6-78DE-4C9C-9D0C-584864CA590A}.Debug|Mixed Platforms.Build.0 = Debug|Any CPU
		{2975B5B6-78DE-4C9C-9D0C-584864CA590A}.Debug|x86.ActiveCfg = Debug|Any CPU
		{2975B5B6-78DE-4C9C-9D0C-584864CA590A}.nuget|Any CPU.ActiveCfg = Release|Any CPU
		{2975B5B6-78DE-4C9C-9D0C-584864CA590A}.nuget|Any CPU.Build.0 = Release|Any CPU
		{2975B5B6-78DE-4C9C-9D0C-584864CA590A}.nuget|Mixed Platforms.ActiveCfg = Release|Any CPU
		{2975B5B6-78DE-4C9C-9D0C-584864CA590A}.nuget|Mixed Platforms.Build.0 = Release|Any CPU
		{2975B5B6-78DE-4C9C-9D0C-584864CA590A}.nuget|x86.ActiveCfg = Release|Any CPU
		{2975B5B6-78DE-4C9C-9D0C-584864CA590A}.Release|Any CPU.ActiveCfg = Release|Any CPU
		{2975B5B6-78DE-4C9C-9D0C-584864CA590A}.Release|Any CPU.Build.0 = Release|Any CPU
		{2975B5B6-78DE-4C9C-9D0C-584864CA590A}.Release|Mixed Platforms.ActiveCfg = Release|Any CPU
		{2975B5B6-78DE-4C9C-9D0C-584864CA590A}.Release|Mixed Platforms.Build.0 = Release|Any CPU
		{2975B5B6-78DE-4C9C-9D0C-584864CA590A}.Release|x86.ActiveCfg = Release|Any CPU
		{61E37D4E-172B-45DD-9289-5C874A8320F0}.Debug|Any CPU.ActiveCfg = Debug|Any CPU
		{61E37D4E-172B-45DD-9289-5C874A8320F0}.Debug|Any CPU.Build.0 = Debug|Any CPU
		{61E37D4E-172B-45DD-9289-5C874A8320F0}.Debug|Mixed Platforms.ActiveCfg = Debug|Any CPU
		{61E37D4E-172B-45DD-9289-5C874A8320F0}.Debug|Mixed Platforms.Build.0 = Debug|Any CPU
		{61E37D4E-172B-45DD-9289-5C874A8320F0}.Debug|x86.ActiveCfg = Debug|Any CPU
		{61E37D4E-172B-45DD-9289-5C874A8320F0}.nuget|Any CPU.ActiveCfg = Release|Any CPU
		{61E37D4E-172B-45DD-9289-5C874A8320F0}.nuget|Any CPU.Build.0 = Release|Any CPU
		{61E37D4E-172B-45DD-9289-5C874A8320F0}.nuget|Mixed Platforms.ActiveCfg = Release|Any CPU
		{61E37D4E-172B-45DD-9289-5C874A8320F0}.nuget|Mixed Platforms.Build.0 = Release|Any CPU
		{61E37D4E-172B-45DD-9289-5C874A8320F0}.nuget|x86.ActiveCfg = Release|Any CPU
		{61E37D4E-172B-45DD-9289-5C874A8320F0}.Release|Any CPU.ActiveCfg = Release|Any CPU
		{61E37D4E-172B-45DD-9289-5C874A8320F0}.Release|Any CPU.Build.0 = Release|Any CPU
		{61E37D4E-172B-45DD-9289-5C874A8320F0}.Release|Mixed Platforms.ActiveCfg = Release|Any CPU
		{61E37D4E-172B-45DD-9289-5C874A8320F0}.Release|Mixed Platforms.Build.0 = Release|Any CPU
		{61E37D4E-172B-45DD-9289-5C874A8320F0}.Release|x86.ActiveCfg = Release|Any CPU
		{C6745675-EA9F-41F3-BFFC-2C3810585B36}.Debug|Any CPU.ActiveCfg = Debug|Any CPU
		{C6745675-EA9F-41F3-BFFC-2C3810585B36}.Debug|Any CPU.Build.0 = Debug|Any CPU
		{C6745675-EA9F-41F3-BFFC-2C3810585B36}.Debug|Mixed Platforms.ActiveCfg = Debug|Any CPU
		{C6745675-EA9F-41F3-BFFC-2C3810585B36}.Debug|Mixed Platforms.Build.0 = Debug|Any CPU
		{C6745675-EA9F-41F3-BFFC-2C3810585B36}.Debug|x86.ActiveCfg = Debug|Any CPU
		{C6745675-EA9F-41F3-BFFC-2C3810585B36}.nuget|Any CPU.ActiveCfg = Release|Any CPU
		{C6745675-EA9F-41F3-BFFC-2C3810585B36}.nuget|Any CPU.Build.0 = Release|Any CPU
		{C6745675-EA9F-41F3-BFFC-2C3810585B36}.nuget|Mixed Platforms.ActiveCfg = Release|Any CPU
		{C6745675-EA9F-41F3-BFFC-2C3810585B36}.nuget|Mixed Platforms.Build.0 = Release|Any CPU
		{C6745675-EA9F-41F3-BFFC-2C3810585B36}.nuget|x86.ActiveCfg = Release|Any CPU
		{C6745675-EA9F-41F3-BFFC-2C3810585B36}.Release|Any CPU.ActiveCfg = Release|Any CPU
		{C6745675-EA9F-41F3-BFFC-2C3810585B36}.Release|Any CPU.Build.0 = Release|Any CPU
		{C6745675-EA9F-41F3-BFFC-2C3810585B36}.Release|Mixed Platforms.ActiveCfg = Release|Any CPU
		{C6745675-EA9F-41F3-BFFC-2C3810585B36}.Release|Mixed Platforms.Build.0 = Release|Any CPU
		{C6745675-EA9F-41F3-BFFC-2C3810585B36}.Release|x86.ActiveCfg = Release|Any CPU
		{8FDDC20D-182F-435F-B7E6-09E52A7E087A}.Debug|Any CPU.ActiveCfg = Debug|Any CPU
		{8FDDC20D-182F-435F-B7E6-09E52A7E087A}.Debug|Any CPU.Build.0 = Debug|Any CPU
		{8FDDC20D-182F-435F-B7E6-09E52A7E087A}.Debug|Mixed Platforms.ActiveCfg = Debug|Any CPU
		{8FDDC20D-182F-435F-B7E6-09E52A7E087A}.Debug|Mixed Platforms.Build.0 = Debug|Any CPU
		{8FDDC20D-182F-435F-B7E6-09E52A7E087A}.Debug|x86.ActiveCfg = Debug|Any CPU
		{8FDDC20D-182F-435F-B7E6-09E52A7E087A}.nuget|Any CPU.ActiveCfg = Release|Any CPU
		{8FDDC20D-182F-435F-B7E6-09E52A7E087A}.nuget|Any CPU.Build.0 = Release|Any CPU
		{8FDDC20D-182F-435F-B7E6-09E52A7E087A}.nuget|Mixed Platforms.ActiveCfg = Release|Any CPU
		{8FDDC20D-182F-435F-B7E6-09E52A7E087A}.nuget|Mixed Platforms.Build.0 = Release|Any CPU
		{8FDDC20D-182F-435F-B7E6-09E52A7E087A}.nuget|x86.ActiveCfg = Release|Any CPU
		{8FDDC20D-182F-435F-B7E6-09E52A7E087A}.Release|Any CPU.ActiveCfg = Release|Any CPU
		{8FDDC20D-182F-435F-B7E6-09E52A7E087A}.Release|Any CPU.Build.0 = Release|Any CPU
		{8FDDC20D-182F-435F-B7E6-09E52A7E087A}.Release|Mixed Platforms.ActiveCfg = Release|Any CPU
		{8FDDC20D-182F-435F-B7E6-09E52A7E087A}.Release|Mixed Platforms.Build.0 = Release|Any CPU
		{8FDDC20D-182F-435F-B7E6-09E52A7E087A}.Release|x86.ActiveCfg = Release|Any CPU
		{501423C3-8EA5-4E54-8D9C-EF60272B57FA}.Debug|Any CPU.ActiveCfg = Debug|Any CPU
		{501423C3-8EA5-4E54-8D9C-EF60272B57FA}.Debug|Any CPU.Build.0 = Debug|Any CPU
		{501423C3-8EA5-4E54-8D9C-EF60272B57FA}.Debug|Mixed Platforms.ActiveCfg = Debug|Any CPU
		{501423C3-8EA5-4E54-8D9C-EF60272B57FA}.Debug|Mixed Platforms.Build.0 = Debug|Any CPU
		{501423C3-8EA5-4E54-8D9C-EF60272B57FA}.Debug|x86.ActiveCfg = Debug|Any CPU
		{501423C3-8EA5-4E54-8D9C-EF60272B57FA}.nuget|Any CPU.ActiveCfg = nuget|Any CPU
		{501423C3-8EA5-4E54-8D9C-EF60272B57FA}.nuget|Any CPU.Build.0 = nuget|Any CPU
		{501423C3-8EA5-4E54-8D9C-EF60272B57FA}.nuget|Mixed Platforms.ActiveCfg = nuget|Any CPU
		{501423C3-8EA5-4E54-8D9C-EF60272B57FA}.nuget|Mixed Platforms.Build.0 = nuget|Any CPU
		{501423C3-8EA5-4E54-8D9C-EF60272B57FA}.nuget|x86.ActiveCfg = nuget|Any CPU
		{501423C3-8EA5-4E54-8D9C-EF60272B57FA}.Release|Any CPU.ActiveCfg = Release|Any CPU
		{501423C3-8EA5-4E54-8D9C-EF60272B57FA}.Release|Any CPU.Build.0 = Release|Any CPU
		{501423C3-8EA5-4E54-8D9C-EF60272B57FA}.Release|Mixed Platforms.ActiveCfg = Release|Any CPU
		{501423C3-8EA5-4E54-8D9C-EF60272B57FA}.Release|Mixed Platforms.Build.0 = Release|Any CPU
		{501423C3-8EA5-4E54-8D9C-EF60272B57FA}.Release|x86.ActiveCfg = Release|Any CPU
		{8EA340D3-E9E0-477E-9AC3-FBFDF3BAD41E}.Debug|Any CPU.ActiveCfg = Debug|Any CPU
		{8EA340D3-E9E0-477E-9AC3-FBFDF3BAD41E}.Debug|Any CPU.Build.0 = Debug|Any CPU
		{8EA340D3-E9E0-477E-9AC3-FBFDF3BAD41E}.Debug|Mixed Platforms.ActiveCfg = Debug|Any CPU
		{8EA340D3-E9E0-477E-9AC3-FBFDF3BAD41E}.Debug|Mixed Platforms.Build.0 = Debug|Any CPU
		{8EA340D3-E9E0-477E-9AC3-FBFDF3BAD41E}.Debug|x86.ActiveCfg = Debug|Any CPU
		{8EA340D3-E9E0-477E-9AC3-FBFDF3BAD41E}.nuget|Any CPU.ActiveCfg = nuget|Any CPU
		{8EA340D3-E9E0-477E-9AC3-FBFDF3BAD41E}.nuget|Any CPU.Build.0 = nuget|Any CPU
		{8EA340D3-E9E0-477E-9AC3-FBFDF3BAD41E}.nuget|Mixed Platforms.ActiveCfg = nuget|Any CPU
		{8EA340D3-E9E0-477E-9AC3-FBFDF3BAD41E}.nuget|Mixed Platforms.Build.0 = nuget|Any CPU
		{8EA340D3-E9E0-477E-9AC3-FBFDF3BAD41E}.nuget|x86.ActiveCfg = nuget|Any CPU
		{8EA340D3-E9E0-477E-9AC3-FBFDF3BAD41E}.Release|Any CPU.ActiveCfg = Release|Any CPU
		{8EA340D3-E9E0-477E-9AC3-FBFDF3BAD41E}.Release|Any CPU.Build.0 = Release|Any CPU
		{8EA340D3-E9E0-477E-9AC3-FBFDF3BAD41E}.Release|Mixed Platforms.ActiveCfg = Release|Any CPU
		{8EA340D3-E9E0-477E-9AC3-FBFDF3BAD41E}.Release|Mixed Platforms.Build.0 = Release|Any CPU
		{8EA340D3-E9E0-477E-9AC3-FBFDF3BAD41E}.Release|x86.ActiveCfg = Release|Any CPU
		{3B692BE9-C757-41C5-B791-46C92798F839}.Debug|Any CPU.ActiveCfg = Debug|Any CPU
		{3B692BE9-C757-41C5-B791-46C92798F839}.Debug|Any CPU.Build.0 = Debug|Any CPU
		{3B692BE9-C757-41C5-B791-46C92798F839}.Debug|Mixed Platforms.ActiveCfg = Debug|Any CPU
		{3B692BE9-C757-41C5-B791-46C92798F839}.Debug|Mixed Platforms.Build.0 = Debug|Any CPU
		{3B692BE9-C757-41C5-B791-46C92798F839}.Debug|x86.ActiveCfg = Debug|Any CPU
		{3B692BE9-C757-41C5-B791-46C92798F839}.nuget|Any CPU.ActiveCfg = Release|Any CPU
		{3B692BE9-C757-41C5-B791-46C92798F839}.nuget|Any CPU.Build.0 = Release|Any CPU
		{3B692BE9-C757-41C5-B791-46C92798F839}.nuget|Mixed Platforms.ActiveCfg = Release|Any CPU
		{3B692BE9-C757-41C5-B791-46C92798F839}.nuget|Mixed Platforms.Build.0 = Release|Any CPU
		{3B692BE9-C757-41C5-B791-46C92798F839}.nuget|x86.ActiveCfg = Release|Any CPU
		{3B692BE9-C757-41C5-B791-46C92798F839}.Release|Any CPU.ActiveCfg = Release|Any CPU
		{3B692BE9-C757-41C5-B791-46C92798F839}.Release|Any CPU.Build.0 = Release|Any CPU
		{3B692BE9-C757-41C5-B791-46C92798F839}.Release|Mixed Platforms.ActiveCfg = Release|Any CPU
		{3B692BE9-C757-41C5-B791-46C92798F839}.Release|Mixed Platforms.Build.0 = Release|Any CPU
		{3B692BE9-C757-41C5-B791-46C92798F839}.Release|x86.ActiveCfg = Release|Any CPU
		{23262198-F04C-422D-BC34-9E1C3112EC01}.Debug|Any CPU.ActiveCfg = Debug|Any CPU
		{23262198-F04C-422D-BC34-9E1C3112EC01}.Debug|Any CPU.Build.0 = Debug|Any CPU
		{23262198-F04C-422D-BC34-9E1C3112EC01}.Debug|Mixed Platforms.ActiveCfg = Debug|Any CPU
		{23262198-F04C-422D-BC34-9E1C3112EC01}.Debug|Mixed Platforms.Build.0 = Debug|Any CPU
		{23262198-F04C-422D-BC34-9E1C3112EC01}.Debug|x86.ActiveCfg = Debug|Any CPU
		{23262198-F04C-422D-BC34-9E1C3112EC01}.nuget|Any CPU.ActiveCfg = Release|Any CPU
		{23262198-F04C-422D-BC34-9E1C3112EC01}.nuget|Any CPU.Build.0 = Release|Any CPU
		{23262198-F04C-422D-BC34-9E1C3112EC01}.nuget|Mixed Platforms.ActiveCfg = Release|Any CPU
		{23262198-F04C-422D-BC34-9E1C3112EC01}.nuget|Mixed Platforms.Build.0 = Release|Any CPU
		{23262198-F04C-422D-BC34-9E1C3112EC01}.nuget|x86.ActiveCfg = Release|Any CPU
		{23262198-F04C-422D-BC34-9E1C3112EC01}.Release|Any CPU.ActiveCfg = Release|Any CPU
		{23262198-F04C-422D-BC34-9E1C3112EC01}.Release|Any CPU.Build.0 = Release|Any CPU
		{23262198-F04C-422D-BC34-9E1C3112EC01}.Release|Mixed Platforms.ActiveCfg = Release|Any CPU
		{23262198-F04C-422D-BC34-9E1C3112EC01}.Release|Mixed Platforms.Build.0 = Release|Any CPU
		{23262198-F04C-422D-BC34-9E1C3112EC01}.Release|x86.ActiveCfg = Release|Any CPU
	EndGlobalSection
	GlobalSection(SolutionProperties) = preSolution
		HideSolutionNode = FALSE
	EndGlobalSection
	GlobalSection(NestedProjects) = preSolution
		{2975B5B6-78DE-4C9C-9D0C-584864CA590A} = {B7FDAF4A-33B4-481B-A642-D262ECF4B19E}
		{61E37D4E-172B-45DD-9289-5C874A8320F0} = {B7FDAF4A-33B4-481B-A642-D262ECF4B19E}
		{C6745675-EA9F-41F3-BFFC-2C3810585B36} = {B7FDAF4A-33B4-481B-A642-D262ECF4B19E}
		{8FDDC20D-182F-435F-B7E6-09E52A7E087A} = {77E8AB25-6669-4F15-B222-F0B1DC6CA798}
		{3B692BE9-C757-41C5-B791-46C92798F839} = {8F6C6014-BB96-4822-83CE-9635BBE44C87}
		{23262198-F04C-422D-BC34-9E1C3112EC01} = {8F6C6014-BB96-4822-83CE-9635BBE44C87}
		{501423C3-8EA5-4E54-8D9C-EF60272B57FA} = {E1AB4855-2F45-492B-90B3-C46AFA185252}
		{8EA340D3-E9E0-477E-9AC3-FBFDF3BAD41E} = {E1AB4855-2F45-492B-90B3-C46AFA185252}
	EndGlobalSection
	GlobalSection(ExtensibilityGlobals) = postSolution
		EnterpriseLibraryConfigurationToolBinariesPath = packages\Unity.2.1.505.2\lib\NET35;ity.2.1.505.2\lib\NET35
	EndGlobalSection
EndGlobal
