
Microsoft Visual Studio Solution File, Format Version 12.00
# Visual Studio 2013
VisualStudioVersion = 12.0.30723.0
MinimumVisualStudioVersion = 10.0.40219.1
Project("{2150E333-8FDC-42A3-9474-1A3956D46DE8}") = ".paket", ".paket", "{B1BCFDAC-1059-4BA5-8499-146ED525BF16}"
	ProjectSection(SolutionItems) = preProject
		..\..\paket.dependencies = ..\..\paket.dependencies
	EndProjectSection
EndProject
Project("{F2A71F9B-5D33-465A-A702-920D77279786}") = "BnSynthesis", "..\..\src\BNSynthesis\BnSynthesis.fsproj", "{F1543764-11E9-4A3C-A09B-5E95DC97C1E4}"
EndProject
Global
	GlobalSection(SolutionConfigurationPlatforms) = preSolution
		Debug|Any CPU = Debug|Any CPU
		Debug|x64 = Debug|x64
		Release|Any CPU = Release|Any CPU
		Release|x64 = Release|x64
	EndGlobalSection
	GlobalSection(ProjectConfigurationPlatforms) = postSolution
		{F1543764-11E9-4A3C-A09B-5E95DC97C1E4}.Debug|Any CPU.ActiveCfg = Debug|Any CPU
		{F1543764-11E9-4A3C-A09B-5E95DC97C1E4}.Debug|Any CPU.Build.0 = Debug|Any CPU
		{F1543764-11E9-4A3C-A09B-5E95DC97C1E4}.Debug|x64.ActiveCfg = Debug|x64
		{F1543764-11E9-4A3C-A09B-5E95DC97C1E4}.Debug|x64.Build.0 = Debug|x64
		{F1543764-11E9-4A3C-A09B-5E95DC97C1E4}.Release|Any CPU.ActiveCfg = Release|x64
		{F1543764-11E9-4A3C-A09B-5E95DC97C1E4}.Release|Any CPU.Build.0 = Release|x64
		{F1543764-11E9-4A3C-A09B-5E95DC97C1E4}.Release|x64.ActiveCfg = Release|x64
		{F1543764-11E9-4A3C-A09B-5E95DC97C1E4}.Release|x64.Build.0 = Release|x64
	EndGlobalSection
	GlobalSection(SolutionProperties) = preSolution
		HideSolutionNode = FALSE
	EndGlobalSection
EndGlobal
