
Microsoft Visual Studio Solution File, Format Version 12.00
# Visual Studio 2012
Project("{F2A71F9B-5D33-465A-A702-920D77279786}") = "Athene", "Athene\Athene.fsproj", "{9C5F69B7-D600-4BF7-8803-1A4A1504C8B8}"
EndProject
Global
	GlobalSection(TeamFoundationVersionControl) = preSolution
		SccNumberOfProjects = 2
		SccEnterpriseProvider = {4CA58AB2-18FA-4F8D-95D4-32DDF27D184C}
		SccTeamFoundationServer = https://vstf-eu-dub-01.partners.extranet.microsoft.com:8443/tfs/ext04_consol_tpc1
		SccLocalPath0 = .
		SccProjectUniqueName1 = Athene\\Athene.fsproj
		SccProjectName1 = Athene
		SccLocalPath1 = Athene
	EndGlobalSection
	GlobalSection(SolutionConfigurationPlatforms) = preSolution
		Debug|Any CPU = Debug|Any CPU
		Release|Any CPU = Release|Any CPU
	EndGlobalSection
	GlobalSection(ProjectConfigurationPlatforms) = postSolution
		{9C5F69B7-D600-4BF7-8803-1A4A1504C8B8}.Debug|Any CPU.ActiveCfg = Debug|Any CPU
		{9C5F69B7-D600-4BF7-8803-1A4A1504C8B8}.Debug|Any CPU.Build.0 = Debug|Any CPU
		{9C5F69B7-D600-4BF7-8803-1A4A1504C8B8}.Release|Any CPU.ActiveCfg = Release|Any CPU
		{9C5F69B7-D600-4BF7-8803-1A4A1504C8B8}.Release|Any CPU.Build.0 = Release|Any CPU
	EndGlobalSection
	GlobalSection(SolutionProperties) = preSolution
		HideSolutionNode = FALSE
	EndGlobalSection
EndGlobal
